// !$*UTF8*$!
{
	archiveVersion = 1;
	classes = {
	};
	objectVersion = 46;
	objects = {

/* Begin PBXBuildFile section */
		0091D8F90E81B9330029341E /* OpenGL.framework in Frameworks */ = {isa = PBXBuildFile; fileRef = 0091D8F80E81B9330029341E /* OpenGL.framework */; };
		00B784B30FF439BC000DE1D7 /* Accelerate.framework in Frameworks */ = {isa = PBXBuildFile; fileRef = 00B784AF0FF439BC000DE1D7 /* Accelerate.framework */; };
		00B784B40FF439BC000DE1D7 /* AudioToolbox.framework in Frameworks */ = {isa = PBXBuildFile; fileRef = 00B784B00FF439BC000DE1D7 /* AudioToolbox.framework */; };
		00B784B50FF439BC000DE1D7 /* AudioUnit.framework in Frameworks */ = {isa = PBXBuildFile; fileRef = 00B784B10FF439BC000DE1D7 /* AudioUnit.framework */; };
		00B784B60FF439BC000DE1D7 /* CoreAudio.framework in Frameworks */ = {isa = PBXBuildFile; fileRef = 00B784B20FF439BC000DE1D7 /* CoreAudio.framework */; };
		01C3E1E3A2FB4D53ACF5484A /* b2World.cpp in Sources */ = {isa = PBXBuildFile; fileRef = 82E28D1A86D64DCBABB195CC /* b2World.cpp */; };
		039B78203DB24C89B3ED8853 /* b2StackAllocator.cpp in Sources */ = {isa = PBXBuildFile; fileRef = C77FDFF39863440DBA8575D0 /* b2StackAllocator.cpp */; };
		04CCB16311E7467DA842FBAF /* b2Timer.cpp in Sources */ = {isa = PBXBuildFile; fileRef = 3B8267D7013C4B64B636A1E4 /* b2Timer.cpp */; };
		12F557B227F742FBB191901E /* WarpBilinear.cpp in Sources */ = {isa = PBXBuildFile; fileRef = 01E6268833214A4DABB588C0 /* WarpBilinear.cpp */; };
		1F90C86D5E1D4109B795933F /* syphonServer.mm in Sources */ = {isa = PBXBuildFile; fileRef = 5AA0E74C2D3F47448E944827 /* syphonServer.mm */; };
		227FA1485703416F9E4D1E35 /* b2MouseJoint.cpp in Sources */ = {isa = PBXBuildFile; fileRef = 31BD7615E10B4B2190DA3FF5 /* b2MouseJoint.cpp */; };
		22F63B1AFE0D4FD5B77CE2A4 /* OscSender.cpp in Sources */ = {isa = PBXBuildFile; fileRef = E24B24CFAC9949EB8C690F93 /* OscSender.cpp */; };
		2621A2ED9CDC47359907E4E9 /* WarpPerspectiveBilinear.cpp in Sources */ = {isa = PBXBuildFile; fileRef = 26088AB85DCD46F9A1BCF8D5 /* WarpPerspectiveBilinear.cpp */; };
		26C81B38D1434C958F08D92C /* b2Draw.cpp in Sources */ = {isa = PBXBuildFile; fileRef = 62230BD5462C49999382D72A /* b2Draw.cpp */; };
		2B948B23A80E474FA3E699CF /* b2Island.cpp in Sources */ = {isa = PBXBuildFile; fileRef = 3D46E789A152480AB03371E4 /* b2Island.cpp */; };
		2FF6611BC3074F8BB3DDCC04 /* b2EdgeAndCircleContact.cpp in Sources */ = {isa = PBXBuildFile; fileRef = 065FF81C00744FA8B8B22C8F /* b2EdgeAndCircleContact.cpp */; };
		324A5987D3D6419C9C77D52E /* b2CircleContact.cpp in Sources */ = {isa = PBXBuildFile; fileRef = 38729AB2C55840BA82C6B791 /* b2CircleContact.cpp */; };
		3C07351A2FD5488F8E4D9D51 /* b2BroadPhase.cpp in Sources */ = {isa = PBXBuildFile; fileRef = 138328FDDD5743CD881BC632 /* b2BroadPhase.cpp */; };
		3C3F90B263BC4C8DBE1AED7E /* b2ChainAndCircleContact.cpp in Sources */ = {isa = PBXBuildFile; fileRef = F0AB1AEA2D784953825D9807 /* b2ChainAndCircleContact.cpp */; };
		3ECDF73C609F4EA285947C00 /* UdpSocket.cpp in Sources */ = {isa = PBXBuildFile; fileRef = 181F98A3552F403F9AEBE8A3 /* UdpSocket.cpp */; };
		416D62B7142445A88A1B5C57 /* OscPrintReceivedElements.cpp in Sources */ = {isa = PBXBuildFile; fileRef = 30625A5E332A4C1B85D7AE2C /* OscPrintReceivedElements.cpp */; };
		42725A87ED93407D98AAA8AD /* b2Fixture.cpp in Sources */ = {isa = PBXBuildFile; fileRef = B96DB774130744C09A2E55D1 /* b2Fixture.cpp */; };
		42AED55EE74143D49B357BE1 /* b2Distance.cpp in Sources */ = {isa = PBXBuildFile; fileRef = B905F8C9CC5F4981B8EDBC40 /* b2Distance.cpp */; };
		43C80AD56CE44DE1A21480F8 /* b2CollideEdge.cpp in Sources */ = {isa = PBXBuildFile; fileRef = 6C9AE9AE96454914AA80625D /* b2CollideEdge.cpp */; };
		44444D4380C740A18E9B7729 /* b2CollideCircle.cpp in Sources */ = {isa = PBXBuildFile; fileRef = C433FFE3C48A484881FC0BDC /* b2CollideCircle.cpp */; };
		44A9A2CD87F243C9B2440C63 /* b2EdgeShape.cpp in Sources */ = {isa = PBXBuildFile; fileRef = 8B083E5AAFAD461F895E7982 /* b2EdgeShape.cpp */; };
		4A7C82A3DBF947159C520B84 /* b2RevoluteJoint.cpp in Sources */ = {isa = PBXBuildFile; fileRef = 38FCDE8B1DA54AED849A0DA1 /* b2RevoluteJoint.cpp */; };
		51A5286B8DAA4D3486775D00 /* b2Settings.cpp in Sources */ = {isa = PBXBuildFile; fileRef = C22B5ECE6BE748449691E116 /* b2Settings.cpp */; };
		5323E6B20EAFCA74003A9687 /* CoreVideo.framework in Frameworks */ = {isa = PBXBuildFile; fileRef = 5323E6B10EAFCA74003A9687 /* CoreVideo.framework */; };
		5323E6B60EAFCA7E003A9687 /* QTKit.framework in Frameworks */ = {isa = PBXBuildFile; fileRef = 5323E6B50EAFCA7E003A9687 /* QTKit.framework */; };
		53A690657550414A921968A8 /* b2PolygonShape.cpp in Sources */ = {isa = PBXBuildFile; fileRef = 3C44431EFE6E4023AAC78284 /* b2PolygonShape.cpp */; };
		55C3BF7E7D2E40988E4F01EE /* b2CircleShape.cpp in Sources */ = {isa = PBXBuildFile; fileRef = A58F575AEF15420B8715DBF2 /* b2CircleShape.cpp */; };
		56A45D30026A44B98E89F981 /* b2BlockAllocator.cpp in Sources */ = {isa = PBXBuildFile; fileRef = 65A72D6E94B64B21B52C950C /* b2BlockAllocator.cpp */; };
		56CC87ED957543D0B4BCA7C4 /* b2Collision.cpp in Sources */ = {isa = PBXBuildFile; fileRef = 10EECF75BD404ABA93ED8088 /* b2Collision.cpp */; };
		5A9A8998D3A440119ADDE3FC /* OscOutboundPacketStream.cpp in Sources */ = {isa = PBXBuildFile; fileRef = 02A80884441241A4B193576E /* OscOutboundPacketStream.cpp */; };
		5B7384FEB80B4F1590A61F90 /* WarpPerspective.cpp in Sources */ = {isa = PBXBuildFile; fileRef = 7643453BF1D24656A7A06BF4 /* WarpPerspective.cpp */; };
		5B8F8CCBD53C419CA2A187C0 /* b2Joint.cpp in Sources */ = {isa = PBXBuildFile; fileRef = 18F45DBCC8A54980B862EC5A /* b2Joint.cpp */; };
		5F449780D9334DEF889D0343 /* Warp.cpp in Sources */ = {isa = PBXBuildFile; fileRef = 5903B1965D8A4BFCAF42DF20 /* Warp.cpp */; };
		618113594B154363A9ABEA03 /* checker4App.cpp in Sources */ = {isa = PBXBuildFile; fileRef = 6E3486B6BC034DA3A1FC5DE4 /* checker4App.cpp */; };
		6A307F964BDD4B1A80DDEF62 /* b2CollidePolygon.cpp in Sources */ = {isa = PBXBuildFile; fileRef = CC07261CFB8B4888BF92ACD1 /* b2CollidePolygon.cpp */; };
		6B876BA8437347AE8040618D /* IpEndpointName.cpp in Sources */ = {isa = PBXBuildFile; fileRef = C5AE67A7B8E04D419426517D /* IpEndpointName.cpp */; };
		73B0394056DD4188A15C36D4 /* b2ChainAndPolygonContact.cpp in Sources */ = {isa = PBXBuildFile; fileRef = 5C12619DF8DA4A4BA374FEE0 /* b2ChainAndPolygonContact.cpp */; };
		7F2DC27A0CAE4676A6ADEF8C /* b2PolygonAndCircleContact.cpp in Sources */ = {isa = PBXBuildFile; fileRef = E99DAF37D689426D943E56BA /* b2PolygonAndCircleContact.cpp */; };
		8597D4488EE74FFEA4F3F4C1 /* b2TimeOfImpact.cpp in Sources */ = {isa = PBXBuildFile; fileRef = CCDDD327350145CEB351C13C /* b2TimeOfImpact.cpp */; };
		8690D1B4B235430E88D0D2FA /* b2WeldJoint.cpp in Sources */ = {isa = PBXBuildFile; fileRef = 0343FD3A199549B996BB931D /* b2WeldJoint.cpp */; };
		8D11072F0486CEB800E47090 /* Cocoa.framework in Frameworks */ = {isa = PBXBuildFile; fileRef = 1058C7A1FEA54F0111CA2CBB /* Cocoa.framework */; };
		9224263056D643D59BE85A4B /* b2Rope.cpp in Sources */ = {isa = PBXBuildFile; fileRef = FCF05B8812E04B14BA62B44B /* b2Rope.cpp */; };
		9D2BF4803D6242B1BAFA03C3 /* b2PolygonContact.cpp in Sources */ = {isa = PBXBuildFile; fileRef = 2A6763CFF2C04730B87749B9 /* b2PolygonContact.cpp */; };
		A1510641641C47D6886458F8 /* Syphon.framework in Frameworks */ = {isa = PBXBuildFile; fileRef = 6106858AD18046B6A2956994 /* Syphon.framework */; };
		A1A52B4DF3A142A8A7251223 /* b2EdgeAndPolygonContact.cpp in Sources */ = {isa = PBXBuildFile; fileRef = 3E5644655DED440ABE7330D3 /* b2EdgeAndPolygonContact.cpp */; };
		AA47F50950174C50864B95B3 /* OscMessage.cpp in Sources */ = {isa = PBXBuildFile; fileRef = FD6AAA9EFB134787B95943BE /* OscMessage.cpp */; };
		ACA407AD56FB47CCBC650507 /* syphonServerDirectory.mm in Sources */ = {isa = PBXBuildFile; fileRef = C78003472D3B4CD385D7B59F /* syphonServerDirectory.mm */; };
		B29E4AAE05B843559D4C96EA /* b2FrictionJoint.cpp in Sources */ = {isa = PBXBuildFile; fileRef = 552B0464C0BF4139AA5C403B /* b2FrictionJoint.cpp */; };
		B3ADFF8AE0294093B9444031 /* b2DynamicTree.cpp in Sources */ = {isa = PBXBuildFile; fileRef = 7EF1C7AE46D947D4802CF28B /* b2DynamicTree.cpp */; };
		B52F5647A34C449EAC270533 /* b2ChainShape.cpp in Sources */ = {isa = PBXBuildFile; fileRef = 5BB343B6E2354B5BA76E0A90 /* b2ChainShape.cpp */; };
		B7D82C377A6343C29FEF7F49 /* b2ContactManager.cpp in Sources */ = {isa = PBXBuildFile; fileRef = FBD126889DAA483988ABB524 /* b2ContactManager.cpp */; };
		B8FC69542DE14F269B1BDD52 /* b2ContactSolver.cpp in Sources */ = {isa = PBXBuildFile; fileRef = 561F777B46B946C691E3D670 /* b2ContactSolver.cpp */; };
		BA67F2AC6BBC41289F165AEC /* SyphonNameboundClient.m in Sources */ = {isa = PBXBuildFile; fileRef = 2A0B0AE5A57B4E4D8DB80DB4 /* SyphonNameboundClient.m */; };
		C0FFD9994584426DAE655F62 /* b2GearJoint.cpp in Sources */ = {isa = PBXBuildFile; fileRef = 782C358104B049758AB97150 /* b2GearJoint.cpp */; };
		C7652548B0A24D12A72274C1 /* b2Body.cpp in Sources */ = {isa = PBXBuildFile; fileRef = 63AAB3F9D3734F819B8BF30A /* b2Body.cpp */; };
		C8A31E554DF04098BDBCF3D1 /* b2WheelJoint.cpp in Sources */ = {isa = PBXBuildFile; fileRef = 29F4E4E6C0244D3382681233 /* b2WheelJoint.cpp */; };
		C976B9EF57004E628EC347C1 /* b2RopeJoint.cpp in Sources */ = {isa = PBXBuildFile; fileRef = C6C15F2E4B8D4895B85A9EE2 /* b2RopeJoint.cpp */; };
		CED96615B0C645799E507674 /* OscListener.cpp in Sources */ = {isa = PBXBuildFile; fileRef = 8630332A1F9A4C68BBAAB725 /* OscListener.cpp */; };
		D0791E3234894AB798F42478 /* CinderApp.icns in Resources */ = {isa = PBXBuildFile; fileRef = 7E3E9B659AD34D48BC960F3E /* CinderApp.icns */; };
		D2B78C33E98E43C9B43549DA /* b2WorldCallbacks.cpp in Sources */ = {isa = PBXBuildFile; fileRef = F4D5FD052F234A22A271D851 /* b2WorldCallbacks.cpp */; };
		DDE152304BDD49F0802C4DB9 /* b2Contact.cpp in Sources */ = {isa = PBXBuildFile; fileRef = C6A460B857F94F5BB93FD438 /* b2Contact.cpp */; };
		E50F0B4FFD6B464F82CE00ED /* b2Math.cpp in Sources */ = {isa = PBXBuildFile; fileRef = E4EC5AAAFA4246658AB46FAC /* b2Math.cpp */; };
		EC78AD77EF9E4B15935FF065 /* OscTypes.cpp in Sources */ = {isa = PBXBuildFile; fileRef = 36E0B355457445D88E604DFF /* OscTypes.cpp */; };
		ED482C2907164F1B9C2C77E1 /* OscReceivedElements.cpp in Sources */ = {isa = PBXBuildFile; fileRef = 239EEA5053C24BCF8ADB4D5B /* OscReceivedElements.cpp */; };
		F18E18DB1B444F228D450DD0 /* syphonClient.mm in Sources */ = {isa = PBXBuildFile; fileRef = B04F9F9CB13747ABAD182B26 /* syphonClient.mm */; };
		F6671CB0165F430DAD134663 /* b2PulleyJoint.cpp in Sources */ = {isa = PBXBuildFile; fileRef = 89125978D0E848FBBC28107C /* b2PulleyJoint.cpp */; };
		F8E29EB3AB25450A933FBC5A /* b2PrismaticJoint.cpp in Sources */ = {isa = PBXBuildFile; fileRef = 4F6A98CAFFC54DAF84BBDED6 /* b2PrismaticJoint.cpp */; };
		FB5D7E5CADC94B05899911EF /* OscBundle.cpp in Sources */ = {isa = PBXBuildFile; fileRef = 8019402D1E6C45C19745468A /* OscBundle.cpp */; };
		FBA21B6B284549DDB8A1DB27 /* NetworkingUtils.cpp in Sources */ = {isa = PBXBuildFile; fileRef = A5D69073630E44F982F7F049 /* NetworkingUtils.cpp */; };
		FD87EEF1CF61471DB18DB29C /* b2DistanceJoint.cpp in Sources */ = {isa = PBXBuildFile; fileRef = BC628BB1A95049448DCC67C9 /* b2DistanceJoint.cpp */; };
		FE0F5D59194BC49B00C674FC /* Syphon.framework in Copy Files */ = {isa = PBXBuildFile; fileRef = 6106858AD18046B6A2956994 /* Syphon.framework */; };
		FE0F5D5C194BC69400C674FC /* grid.cpp in Sources */ = {isa = PBXBuildFile; fileRef = FE0F5D5A194BC69400C674FC /* grid.cpp */; };
		FE607F82194CA4E50076EE24 /* SimpleGUI.cpp in Sources */ = {isa = PBXBuildFile; fileRef = 180085BCF5494C3C91C2A756 /* SimpleGUI.cpp */; };
		FE607F84194CA5910076EE24 /* pf_tempesta_seven.ttf in Resources */ = {isa = PBXBuildFile; fileRef = FE607F83194CA5910076EE24 /* pf_tempesta_seven.ttf */; };
		FE607F86194CA6510076EE24 /* QuickTime.framework in Frameworks */ = {isa = PBXBuildFile; fileRef = FE607F85194CA6510076EE24 /* QuickTime.framework */; };
		FEB66961194EFA13009C1241 /* README in Resources */ = {isa = PBXBuildFile; fileRef = FEB668FB194EFA13009C1241 /* README */; };
		FEB66982194EFA13009C1241 /* ClientInterface.cpp in Sources */ = {isa = PBXBuildFile; fileRef = FEB6694A194EFA13009C1241 /* ClientInterface.cpp */; };
		FEB66983194EFA13009C1241 /* DispatcherInterface.cpp in Sources */ = {isa = PBXBuildFile; fileRef = FEB6694C194EFA13009C1241 /* DispatcherInterface.cpp */; };
		FEB66984194EFA13009C1241 /* ServerInterface.cpp in Sources */ = {isa = PBXBuildFile; fileRef = FEB6694E194EFA13009C1241 /* ServerInterface.cpp */; };
		FEB66985194EFA13009C1241 /* SessionInterface.cpp in Sources */ = {isa = PBXBuildFile; fileRef = FEB66950194EFA13009C1241 /* SessionInterface.cpp */; };
		FEB66986194EFA13009C1241 /* TcpClient.cpp in Sources */ = {isa = PBXBuildFile; fileRef = FEB66952194EFA13009C1241 /* TcpClient.cpp */; };
		FEB66987194EFA13009C1241 /* TcpServer.cpp in Sources */ = {isa = PBXBuildFile; fileRef = FEB66954194EFA13009C1241 /* TcpServer.cpp */; };
		FEB66988194EFA13009C1241 /* TcpSession.cpp in Sources */ = {isa = PBXBuildFile; fileRef = FEB66956194EFA13009C1241 /* TcpSession.cpp */; };
		FEB66989194EFA13009C1241 /* UdpClient.cpp in Sources */ = {isa = PBXBuildFile; fileRef = FEB66958194EFA13009C1241 /* UdpClient.cpp */; };
		FEB6698A194EFA13009C1241 /* UdpServer.cpp in Sources */ = {isa = PBXBuildFile; fileRef = FEB6695A194EFA13009C1241 /* UdpServer.cpp */; };
		FEB6698B194EFA13009C1241 /* UdpSession.cpp in Sources */ = {isa = PBXBuildFile; fileRef = FEB6695C194EFA13009C1241 /* UdpSession.cpp */; };
		FEB6698C194EFA13009C1241 /* WaitTimer.cpp in Sources */ = {isa = PBXBuildFile; fileRef = FEB6695E194EFA13009C1241 /* WaitTimer.cpp */; };
		FEC9EDCD1BC95FDD007D1905 /* .gitignore in Resources */ = {isa = PBXBuildFile; fileRef = FEC9ED921BC95FDD007D1905 /* .gitignore */; };
		FEC9EDCE1BC95FDD007D1905 /* liblo.a in Frameworks */ = {isa = PBXBuildFile; fileRef = FEC9EDAE1BC95FDD007D1905 /* liblo.a */; };
		FEC9EDCF1BC95FDD007D1905 /* liblo.dll in Resources */ = {isa = PBXBuildFile; fileRef = FEC9EDB01BC95FDD007D1905 /* liblo.dll */; };
		FEC9EDD01BC95FDD007D1905 /* liblo.lib in Frameworks */ = {isa = PBXBuildFile; fileRef = FEC9EDB11BC95FDD007D1905 /* liblo.lib */; };
		FEC9EDD11BC95FDD007D1905 /* liblo_d.dll in Resources */ = {isa = PBXBuildFile; fileRef = FEC9EDB21BC95FDD007D1905 /* liblo_d.dll */; };
		FEC9EDD21BC95FDD007D1905 /* liblo_d.lib in Frameworks */ = {isa = PBXBuildFile; fileRef = FEC9EDB31BC95FDD007D1905 /* liblo_d.lib */; };
		FEC9EDD31BC95FDD007D1905 /* pthreadVC2.dll in Resources */ = {isa = PBXBuildFile; fileRef = FEC9EDB41BC95FDD007D1905 /* pthreadVC2.dll */; };
		FEC9EDD41BC95FDD007D1905 /* README.md in Sources */ = {isa = PBXBuildFile; fileRef = FEC9EDB51BC95FDD007D1905 /* README.md */; };
		FEC9EDDC1BC95FDD007D1905 /* OscClient.cpp in Sources */ = {isa = PBXBuildFile; fileRef = FEC9EDC81BC95FDD007D1905 /* OscClient.cpp */; };
		FEC9EDDD1BC95FDD007D1905 /* OscServer.cpp in Sources */ = {isa = PBXBuildFile; fileRef = FEC9EDCB1BC95FDD007D1905 /* OscServer.cpp */; };
/* End PBXBuildFile section */

/* Begin PBXCopyFilesBuildPhase section */
		1D9D16096FCE4178A1CF3B8E /* Copy Files */ = {
			isa = PBXCopyFilesBuildPhase;
			buildActionMask = 2147483647;
			dstPath = "";
			dstSubfolderSpec = 10;
			files = (
				FE0F5D59194BC49B00C674FC /* Syphon.framework in Copy Files */,
			);
			name = "Copy Files";
			runOnlyForDeploymentPostprocessing = 0;
		};
/* End PBXCopyFilesBuildPhase section */

/* Begin PBXFileReference section */
		0091D8F80E81B9330029341E /* OpenGL.framework */ = {isa = PBXFileReference; lastKnownFileType = wrapper.framework; name = OpenGL.framework; path = /System/Library/Frameworks/OpenGL.framework; sourceTree = "<absolute>"; };
		00B784AF0FF439BC000DE1D7 /* Accelerate.framework */ = {isa = PBXFileReference; lastKnownFileType = wrapper.framework; name = Accelerate.framework; path = System/Library/Frameworks/Accelerate.framework; sourceTree = SDKROOT; };
		00B784B00FF439BC000DE1D7 /* AudioToolbox.framework */ = {isa = PBXFileReference; lastKnownFileType = wrapper.framework; name = AudioToolbox.framework; path = System/Library/Frameworks/AudioToolbox.framework; sourceTree = SDKROOT; };
		00B784B10FF439BC000DE1D7 /* AudioUnit.framework */ = {isa = PBXFileReference; lastKnownFileType = wrapper.framework; name = AudioUnit.framework; path = System/Library/Frameworks/AudioUnit.framework; sourceTree = SDKROOT; };
		00B784B20FF439BC000DE1D7 /* CoreAudio.framework */ = {isa = PBXFileReference; lastKnownFileType = wrapper.framework; name = CoreAudio.framework; path = System/Library/Frameworks/CoreAudio.framework; sourceTree = SDKROOT; };
		01E6268833214A4DABB588C0 /* WarpBilinear.cpp */ = {isa = PBXFileReference; lastKnownFileType = sourcecode.c.cpp; name = WarpBilinear.cpp; path = "../../../cinder_0.8.5_mac/blocks/Cinder-Warping/src/WarpBilinear.cpp"; sourceTree = "<group>"; };
		02A80884441241A4B193576E /* OscOutboundPacketStream.cpp */ = {isa = PBXFileReference; lastKnownFileType = sourcecode.c.cpp; name = OscOutboundPacketStream.cpp; path = ../../../cinder_0.8.5_mac/blocks/OSC/src/osc/OscOutboundPacketStream.cpp; sourceTree = "<group>"; };
		0343FD3A199549B996BB931D /* b2WeldJoint.cpp */ = {isa = PBXFileReference; lastKnownFileType = sourcecode.c.cpp; name = b2WeldJoint.cpp; path = ../../../cinder_0.8.5_mac/blocks/Box2D/src/Box2D/Dynamics/Joints/b2WeldJoint.cpp; sourceTree = "<group>"; };
		0513B6C51F944F4B934B3BD3 /* b2StackAllocator.h */ = {isa = PBXFileReference; lastKnownFileType = sourcecode.c.h; name = b2StackAllocator.h; path = ../../../cinder_0.8.5_mac/blocks/Box2D/src/Box2D/Common/b2StackAllocator.h; sourceTree = "<group>"; };
		065FF81C00744FA8B8B22C8F /* b2EdgeAndCircleContact.cpp */ = {isa = PBXFileReference; lastKnownFileType = sourcecode.c.cpp; name = b2EdgeAndCircleContact.cpp; path = ../../../cinder_0.8.5_mac/blocks/Box2D/src/Box2D/Dynamics/Contacts/b2EdgeAndCircleContact.cpp; sourceTree = "<group>"; };
		06E1E30D00A94587BB1E217C /* b2ChainAndPolygonContact.h */ = {isa = PBXFileReference; lastKnownFileType = sourcecode.c.h; name = b2ChainAndPolygonContact.h; path = ../../../cinder_0.8.5_mac/blocks/Box2D/src/Box2D/Dynamics/Contacts/b2ChainAndPolygonContact.h; sourceTree = "<group>"; };
		073605424FAA4A8FBD34C53D /* IpEndpointName.h */ = {isa = PBXFileReference; lastKnownFileType = sourcecode.c.h; name = IpEndpointName.h; path = ../../../cinder_0.8.5_mac/blocks/OSC/src/ip/IpEndpointName.h; sourceTree = "<group>"; };
		08B63398D7C6486C8AEA11C3 /* b2Settings.h */ = {isa = PBXFileReference; lastKnownFileType = sourcecode.c.h; name = b2Settings.h; path = ../../../cinder_0.8.5_mac/blocks/Box2D/src/Box2D/Common/b2Settings.h; sourceTree = "<group>"; };
		08BABC4713A54BB19525768E /* b2ChainAndCircleContact.h */ = {isa = PBXFileReference; lastKnownFileType = sourcecode.c.h; name = b2ChainAndCircleContact.h; path = ../../../cinder_0.8.5_mac/blocks/Box2D/src/Box2D/Dynamics/Contacts/b2ChainAndCircleContact.h; sourceTree = "<group>"; };
		102A1FB0C2E843F093371523 /* WarpPerspective.h */ = {isa = PBXFileReference; lastKnownFileType = sourcecode.c.h; name = WarpPerspective.h; path = "../../../cinder_0.8.5_mac/blocks/Cinder-Warping/include/WarpPerspective.h"; sourceTree = "<group>"; };
		1058C7A1FEA54F0111CA2CBB /* Cocoa.framework */ = {isa = PBXFileReference; lastKnownFileType = wrapper.framework; name = Cocoa.framework; path = /System/Library/Frameworks/Cocoa.framework; sourceTree = "<absolute>"; };
		10EECF75BD404ABA93ED8088 /* b2Collision.cpp */ = {isa = PBXFileReference; lastKnownFileType = sourcecode.c.cpp; name = b2Collision.cpp; path = ../../../cinder_0.8.5_mac/blocks/Box2D/src/Box2D/Collision/b2Collision.cpp; sourceTree = "<group>"; };
		138328FDDD5743CD881BC632 /* b2BroadPhase.cpp */ = {isa = PBXFileReference; lastKnownFileType = sourcecode.c.cpp; name = b2BroadPhase.cpp; path = ../../../cinder_0.8.5_mac/blocks/Box2D/src/Box2D/Collision/b2BroadPhase.cpp; sourceTree = "<group>"; };
		1391F66D2901489AA18456B5 /* Warp.h */ = {isa = PBXFileReference; lastKnownFileType = sourcecode.c.h; name = Warp.h; path = "../../../cinder_0.8.5_mac/blocks/Cinder-Warping/include/Warp.h"; sourceTree = "<group>"; };
		16B3D91145124921AD249FA1 /* OscArg.h */ = {isa = PBXFileReference; lastKnownFileType = sourcecode.c.h; name = OscArg.h; path = ../../../cinder_0.8.5_mac/blocks/OSC/src/OscArg.h; sourceTree = "<group>"; };
		180085BCF5494C3C91C2A756 /* SimpleGUI.cpp */ = {isa = PBXFileReference; lastKnownFileType = sourcecode.c.cpp; name = SimpleGUI.cpp; path = "../../../cinder_0.8.5_mac/blocks/Cinder-SimpleGUI/src/SimpleGUI.cpp"; sourceTree = "<group>"; };
		181F98A3552F403F9AEBE8A3 /* UdpSocket.cpp */ = {isa = PBXFileReference; lastKnownFileType = sourcecode.c.cpp; name = UdpSocket.cpp; path = ../../../cinder_0.8.5_mac/blocks/OSC/src/ip/posix/UdpSocket.cpp; sourceTree = "<group>"; };
		18697BB52389403CA12EB5F6 /* syphonClient.h */ = {isa = PBXFileReference; lastKnownFileType = sourcecode.c.h; name = syphonClient.h; path = "../../../cinder_0.8.5_mac/blocks/Cinder-Syphon/src/syphonClient.h"; sourceTree = "<group>"; };
		18F45DBCC8A54980B862EC5A /* b2Joint.cpp */ = {isa = PBXFileReference; lastKnownFileType = sourcecode.c.cpp; name = b2Joint.cpp; path = ../../../cinder_0.8.5_mac/blocks/Box2D/src/Box2D/Dynamics/Joints/b2Joint.cpp; sourceTree = "<group>"; };
		1906B43F3BC64339846A8BF7 /* b2Collision.h */ = {isa = PBXFileReference; lastKnownFileType = sourcecode.c.h; name = b2Collision.h; path = ../../../cinder_0.8.5_mac/blocks/Box2D/src/Box2D/Collision/b2Collision.h; sourceTree = "<group>"; };
		19473C662FB34D8FAD5347F9 /* OscPrintReceivedElements.h */ = {isa = PBXFileReference; lastKnownFileType = sourcecode.c.h; name = OscPrintReceivedElements.h; path = ../../../cinder_0.8.5_mac/blocks/OSC/src/osc/OscPrintReceivedElements.h; sourceTree = "<group>"; };
		19B2A74CD810413BB012BA4C /* Info.plist */ = {isa = PBXFileReference; lastKnownFileType = text.plist.xml; path = Info.plist; sourceTree = "<group>"; };
		1FAFFD435D88476B90D04509 /* WarpBilinear.h */ = {isa = PBXFileReference; lastKnownFileType = sourcecode.c.h; name = WarpBilinear.h; path = "../../../cinder_0.8.5_mac/blocks/Cinder-Warping/include/WarpBilinear.h"; sourceTree = "<group>"; };
		239EEA5053C24BCF8ADB4D5B /* OscReceivedElements.cpp */ = {isa = PBXFileReference; lastKnownFileType = sourcecode.c.cpp; name = OscReceivedElements.cpp; path = ../../../cinder_0.8.5_mac/blocks/OSC/src/osc/OscReceivedElements.cpp; sourceTree = "<group>"; };
		25775C0721564FACA4322460 /* b2PolygonAndCircleContact.h */ = {isa = PBXFileReference; lastKnownFileType = sourcecode.c.h; name = b2PolygonAndCircleContact.h; path = ../../../cinder_0.8.5_mac/blocks/Box2D/src/Box2D/Dynamics/Contacts/b2PolygonAndCircleContact.h; sourceTree = "<group>"; };
		26088AB85DCD46F9A1BCF8D5 /* WarpPerspectiveBilinear.cpp */ = {isa = PBXFileReference; lastKnownFileType = sourcecode.c.cpp; name = WarpPerspectiveBilinear.cpp; path = "../../../cinder_0.8.5_mac/blocks/Cinder-Warping/src/WarpPerspectiveBilinear.cpp"; sourceTree = "<group>"; };
		27EA54BFEA8D41CA8AE54F76 /* b2Fixture.h */ = {isa = PBXFileReference; lastKnownFileType = sourcecode.c.h; name = b2Fixture.h; path = ../../../cinder_0.8.5_mac/blocks/Box2D/src/Box2D/Dynamics/b2Fixture.h; sourceTree = "<group>"; };
		29B97324FDCFA39411CA2CEA /* AppKit.framework */ = {isa = PBXFileReference; lastKnownFileType = wrapper.framework; name = AppKit.framework; path = /System/Library/Frameworks/AppKit.framework; sourceTree = "<absolute>"; };
		29B97325FDCFA39411CA2CEA /* Foundation.framework */ = {isa = PBXFileReference; lastKnownFileType = wrapper.framework; name = Foundation.framework; path = /System/Library/Frameworks/Foundation.framework; sourceTree = "<absolute>"; };
		29F4E4E6C0244D3382681233 /* b2WheelJoint.cpp */ = {isa = PBXFileReference; lastKnownFileType = sourcecode.c.cpp; name = b2WheelJoint.cpp; path = ../../../cinder_0.8.5_mac/blocks/Box2D/src/Box2D/Dynamics/Joints/b2WheelJoint.cpp; sourceTree = "<group>"; };
		2A0B0AE5A57B4E4D8DB80DB4 /* SyphonNameboundClient.m */ = {isa = PBXFileReference; lastKnownFileType = "\"\""; name = SyphonNameboundClient.m; path = "../../../cinder_0.8.5_mac/blocks/Cinder-Syphon/lib/SyphonNameboundClient.m"; sourceTree = "<group>"; };
		2A6763CFF2C04730B87749B9 /* b2PolygonContact.cpp */ = {isa = PBXFileReference; lastKnownFileType = sourcecode.c.cpp; name = b2PolygonContact.cpp; path = ../../../cinder_0.8.5_mac/blocks/Box2D/src/Box2D/Dynamics/Contacts/b2PolygonContact.cpp; sourceTree = "<group>"; };
		30625A5E332A4C1B85D7AE2C /* OscPrintReceivedElements.cpp */ = {isa = PBXFileReference; lastKnownFileType = sourcecode.c.cpp; name = OscPrintReceivedElements.cpp; path = ../../../cinder_0.8.5_mac/blocks/OSC/src/osc/OscPrintReceivedElements.cpp; sourceTree = "<group>"; };
		31638CFC5EE04D56BAA77BB1 /* b2DynamicTree.h */ = {isa = PBXFileReference; lastKnownFileType = sourcecode.c.h; name = b2DynamicTree.h; path = ../../../cinder_0.8.5_mac/blocks/Box2D/src/Box2D/Collision/b2DynamicTree.h; sourceTree = "<group>"; };
		31BD7615E10B4B2190DA3FF5 /* b2MouseJoint.cpp */ = {isa = PBXFileReference; lastKnownFileType = sourcecode.c.cpp; name = b2MouseJoint.cpp; path = ../../../cinder_0.8.5_mac/blocks/Box2D/src/Box2D/Dynamics/Joints/b2MouseJoint.cpp; sourceTree = "<group>"; };
		36E0B355457445D88E604DFF /* OscTypes.cpp */ = {isa = PBXFileReference; lastKnownFileType = sourcecode.c.cpp; name = OscTypes.cpp; path = ../../../cinder_0.8.5_mac/blocks/OSC/src/osc/OscTypes.cpp; sourceTree = "<group>"; };
		3701705EF3A4495A86C82506 /* PacketListener.h */ = {isa = PBXFileReference; lastKnownFileType = sourcecode.c.h; name = PacketListener.h; path = ../../../cinder_0.8.5_mac/blocks/OSC/src/ip/PacketListener.h; sourceTree = "<group>"; };
		38729AB2C55840BA82C6B791 /* b2CircleContact.cpp */ = {isa = PBXFileReference; lastKnownFileType = sourcecode.c.cpp; name = b2CircleContact.cpp; path = ../../../cinder_0.8.5_mac/blocks/Box2D/src/Box2D/Dynamics/Contacts/b2CircleContact.cpp; sourceTree = "<group>"; };
		38FCDE8B1DA54AED849A0DA1 /* b2RevoluteJoint.cpp */ = {isa = PBXFileReference; lastKnownFileType = sourcecode.c.cpp; name = b2RevoluteJoint.cpp; path = ../../../cinder_0.8.5_mac/blocks/Box2D/src/Box2D/Dynamics/Joints/b2RevoluteJoint.cpp; sourceTree = "<group>"; };
		3B8267D7013C4B64B636A1E4 /* b2Timer.cpp */ = {isa = PBXFileReference; lastKnownFileType = sourcecode.c.cpp; name = b2Timer.cpp; path = ../../../cinder_0.8.5_mac/blocks/Box2D/src/Box2D/Common/b2Timer.cpp; sourceTree = "<group>"; };
		3BE1E5798FD44B04AB346D77 /* Resources.h */ = {isa = PBXFileReference; lastKnownFileType = sourcecode.c.h; name = Resources.h; path = ../include/Resources.h; sourceTree = "<group>"; };
		3C44431EFE6E4023AAC78284 /* b2PolygonShape.cpp */ = {isa = PBXFileReference; lastKnownFileType = sourcecode.c.cpp; name = b2PolygonShape.cpp; path = ../../../cinder_0.8.5_mac/blocks/Box2D/src/Box2D/Collision/Shapes/b2PolygonShape.cpp; sourceTree = "<group>"; };
		3C93732EAFAB4F14B6E8D89C /* b2WheelJoint.h */ = {isa = PBXFileReference; lastKnownFileType = sourcecode.c.h; name = b2WheelJoint.h; path = ../../../cinder_0.8.5_mac/blocks/Box2D/src/Box2D/Dynamics/Joints/b2WheelJoint.h; sourceTree = "<group>"; };
		3D46E789A152480AB03371E4 /* b2Island.cpp */ = {isa = PBXFileReference; lastKnownFileType = sourcecode.c.cpp; name = b2Island.cpp; path = ../../../cinder_0.8.5_mac/blocks/Box2D/src/Box2D/Dynamics/b2Island.cpp; sourceTree = "<group>"; };
		3E5644655DED440ABE7330D3 /* b2EdgeAndPolygonContact.cpp */ = {isa = PBXFileReference; lastKnownFileType = sourcecode.c.cpp; name = b2EdgeAndPolygonContact.cpp; path = ../../../cinder_0.8.5_mac/blocks/Box2D/src/Box2D/Dynamics/Contacts/b2EdgeAndPolygonContact.cpp; sourceTree = "<group>"; };
		3F24F443F78D44A29A0B3FF5 /* syphonServerDirectory.h */ = {isa = PBXFileReference; lastKnownFileType = sourcecode.c.h; name = syphonServerDirectory.h; path = "../../../cinder_0.8.5_mac/blocks/Cinder-Syphon/src/syphonServerDirectory.h"; sourceTree = "<group>"; };
		408911C9B1C74B4BA9EEDA14 /* Box2d.h */ = {isa = PBXFileReference; lastKnownFileType = sourcecode.c.h; name = Box2d.h; path = ../../../cinder_0.8.5_mac/blocks/Box2D/src/Box2D/Box2d.h; sourceTree = "<group>"; };
		422FD40A953B4054B8745CC0 /* b2BroadPhase.h */ = {isa = PBXFileReference; lastKnownFileType = sourcecode.c.h; name = b2BroadPhase.h; path = ../../../cinder_0.8.5_mac/blocks/Box2D/src/Box2D/Collision/b2BroadPhase.h; sourceTree = "<group>"; };
		4A5E8A128F9148E1BB220130 /* NetworkingUtils.h */ = {isa = PBXFileReference; lastKnownFileType = sourcecode.c.h; name = NetworkingUtils.h; path = ../../../cinder_0.8.5_mac/blocks/OSC/src/ip/NetworkingUtils.h; sourceTree = "<group>"; };
		4EF970AB24724AF3AC3B86A5 /* b2WeldJoint.h */ = {isa = PBXFileReference; lastKnownFileType = sourcecode.c.h; name = b2WeldJoint.h; path = ../../../cinder_0.8.5_mac/blocks/Box2D/src/Box2D/Dynamics/Joints/b2WeldJoint.h; sourceTree = "<group>"; };
		4F6A98CAFFC54DAF84BBDED6 /* b2PrismaticJoint.cpp */ = {isa = PBXFileReference; lastKnownFileType = sourcecode.c.cpp; name = b2PrismaticJoint.cpp; path = ../../../cinder_0.8.5_mac/blocks/Box2D/src/Box2D/Dynamics/Joints/b2PrismaticJoint.cpp; sourceTree = "<group>"; };
		5323E6B10EAFCA74003A9687 /* CoreVideo.framework */ = {isa = PBXFileReference; lastKnownFileType = wrapper.framework; name = CoreVideo.framework; path = /System/Library/Frameworks/CoreVideo.framework; sourceTree = "<absolute>"; };
		5323E6B50EAFCA7E003A9687 /* QTKit.framework */ = {isa = PBXFileReference; lastKnownFileType = wrapper.framework; name = QTKit.framework; path = /System/Library/Frameworks/QTKit.framework; sourceTree = "<absolute>"; };
		54F6B242D442445A9237DBBF /* WarpPerspectiveBilinear.h */ = {isa = PBXFileReference; lastKnownFileType = sourcecode.c.h; name = WarpPerspectiveBilinear.h; path = "../../../cinder_0.8.5_mac/blocks/Cinder-Warping/include/WarpPerspectiveBilinear.h"; sourceTree = "<group>"; };
		552B0464C0BF4139AA5C403B /* b2FrictionJoint.cpp */ = {isa = PBXFileReference; lastKnownFileType = sourcecode.c.cpp; name = b2FrictionJoint.cpp; path = ../../../cinder_0.8.5_mac/blocks/Box2D/src/Box2D/Dynamics/Joints/b2FrictionJoint.cpp; sourceTree = "<group>"; };
		561F777B46B946C691E3D670 /* b2ContactSolver.cpp */ = {isa = PBXFileReference; lastKnownFileType = sourcecode.c.cpp; name = b2ContactSolver.cpp; path = ../../../cinder_0.8.5_mac/blocks/Box2D/src/Box2D/Dynamics/Contacts/b2ContactSolver.cpp; sourceTree = "<group>"; };
		5903B1965D8A4BFCAF42DF20 /* Warp.cpp */ = {isa = PBXFileReference; lastKnownFileType = sourcecode.c.cpp; name = Warp.cpp; path = "../../../cinder_0.8.5_mac/blocks/Cinder-Warping/src/Warp.cpp"; sourceTree = "<group>"; };
		594F01CC2A574AE28082CB2A /* b2WorldCallbacks.h */ = {isa = PBXFileReference; lastKnownFileType = sourcecode.c.h; name = b2WorldCallbacks.h; path = ../../../cinder_0.8.5_mac/blocks/Box2D/src/Box2D/Dynamics/b2WorldCallbacks.h; sourceTree = "<group>"; };
		5A0D087626E44217A38CF259 /* b2Contact.h */ = {isa = PBXFileReference; lastKnownFileType = sourcecode.c.h; name = b2Contact.h; path = ../../../cinder_0.8.5_mac/blocks/Box2D/src/Box2D/Dynamics/Contacts/b2Contact.h; sourceTree = "<group>"; };
		5AA0E74C2D3F47448E944827 /* syphonServer.mm */ = {isa = PBXFileReference; lastKnownFileType = sourcecode.cpp.objcpp; name = syphonServer.mm; path = "../../../cinder_0.8.5_mac/blocks/Cinder-Syphon/src/syphonServer.mm"; sourceTree = "<group>"; };
		5BB343B6E2354B5BA76E0A90 /* b2ChainShape.cpp */ = {isa = PBXFileReference; lastKnownFileType = sourcecode.c.cpp; name = b2ChainShape.cpp; path = ../../../cinder_0.8.5_mac/blocks/Box2D/src/Box2D/Collision/Shapes/b2ChainShape.cpp; sourceTree = "<group>"; };
		5C12619DF8DA4A4BA374FEE0 /* b2ChainAndPolygonContact.cpp */ = {isa = PBXFileReference; lastKnownFileType = sourcecode.c.cpp; name = b2ChainAndPolygonContact.cpp; path = ../../../cinder_0.8.5_mac/blocks/Box2D/src/Box2D/Dynamics/Contacts/b2ChainAndPolygonContact.cpp; sourceTree = "<group>"; };
		5C3544AF61774B019EA899B6 /* b2TimeStep.h */ = {isa = PBXFileReference; lastKnownFileType = sourcecode.c.h; name = b2TimeStep.h; path = ../../../cinder_0.8.5_mac/blocks/Box2D/src/Box2D/Dynamics/b2TimeStep.h; sourceTree = "<group>"; };
		5D09E2F3D6004FCE85FE2190 /* TimerListener.h */ = {isa = PBXFileReference; lastKnownFileType = sourcecode.c.h; name = TimerListener.h; path = ../../../cinder_0.8.5_mac/blocks/OSC/src/ip/TimerListener.h; sourceTree = "<group>"; };
		5D1D5DF7A4534E79A95CC6F3 /* b2RopeJoint.h */ = {isa = PBXFileReference; lastKnownFileType = sourcecode.c.h; name = b2RopeJoint.h; path = ../../../cinder_0.8.5_mac/blocks/Box2D/src/Box2D/Dynamics/Joints/b2RopeJoint.h; sourceTree = "<group>"; };
		5DD484E38F2E4AAAAD648CAB /* b2World.h */ = {isa = PBXFileReference; lastKnownFileType = sourcecode.c.h; name = b2World.h; path = ../../../cinder_0.8.5_mac/blocks/Box2D/src/Box2D/Dynamics/b2World.h; sourceTree = "<group>"; };
		5F1FBF72C2B14A058E288A26 /* b2Joint.h */ = {isa = PBXFileReference; lastKnownFileType = sourcecode.c.h; name = b2Joint.h; path = ../../../cinder_0.8.5_mac/blocks/Box2D/src/Box2D/Dynamics/Joints/b2Joint.h; sourceTree = "<group>"; };
		6106858AD18046B6A2956994 /* Syphon.framework */ = {isa = PBXFileReference; lastKnownFileType = wrapper.framework; name = Syphon.framework; path = "../../../cinder_0.8.5_mac/blocks/Cinder-Syphon/lib/Syphon.framework"; sourceTree = "<group>"; };
		62230BD5462C49999382D72A /* b2Draw.cpp */ = {isa = PBXFileReference; lastKnownFileType = sourcecode.c.cpp; name = b2Draw.cpp; path = ../../../cinder_0.8.5_mac/blocks/Box2D/src/Box2D/Common/b2Draw.cpp; sourceTree = "<group>"; };
		63AAB3F9D3734F819B8BF30A /* b2Body.cpp */ = {isa = PBXFileReference; lastKnownFileType = sourcecode.c.cpp; name = b2Body.cpp; path = ../../../cinder_0.8.5_mac/blocks/Box2D/src/Box2D/Dynamics/b2Body.cpp; sourceTree = "<group>"; };
		65A72D6E94B64B21B52C950C /* b2BlockAllocator.cpp */ = {isa = PBXFileReference; lastKnownFileType = sourcecode.c.cpp; name = b2BlockAllocator.cpp; path = ../../../cinder_0.8.5_mac/blocks/Box2D/src/Box2D/Common/b2BlockAllocator.cpp; sourceTree = "<group>"; };
		6C1C3BDFDFD647D291E9A8B3 /* OscTypes.h */ = {isa = PBXFileReference; lastKnownFileType = sourcecode.c.h; name = OscTypes.h; path = ../../../cinder_0.8.5_mac/blocks/OSC/src/osc/OscTypes.h; sourceTree = "<group>"; };
		6C9AE9AE96454914AA80625D /* b2CollideEdge.cpp */ = {isa = PBXFileReference; lastKnownFileType = sourcecode.c.cpp; name = b2CollideEdge.cpp; path = ../../../cinder_0.8.5_mac/blocks/Box2D/src/Box2D/Collision/b2CollideEdge.cpp; sourceTree = "<group>"; };
		6DAA412B7BDE4B2B818B2079 /* syphonServer.h */ = {isa = PBXFileReference; lastKnownFileType = sourcecode.c.h; name = syphonServer.h; path = "../../../cinder_0.8.5_mac/blocks/Cinder-Syphon/src/syphonServer.h"; sourceTree = "<group>"; };
		6E3486B6BC034DA3A1FC5DE4 /* checker4App.cpp */ = {isa = PBXFileReference; lastKnownFileType = sourcecode.cpp.cpp; name = checker4App.cpp; path = ../src/checker4App.cpp; sourceTree = "<group>"; };
		6EAC02BF9AF3405EB3ACC381 /* b2Timer.h */ = {isa = PBXFileReference; lastKnownFileType = sourcecode.c.h; name = b2Timer.h; path = ../../../cinder_0.8.5_mac/blocks/Box2D/src/Box2D/Common/b2Timer.h; sourceTree = "<group>"; };
		73AAA9E96C4F4E9FAF06B609 /* cinderSyphon.h */ = {isa = PBXFileReference; lastKnownFileType = sourcecode.c.h; name = cinderSyphon.h; path = "../../../cinder_0.8.5_mac/blocks/Cinder-Syphon/src/cinderSyphon.h"; sourceTree = "<group>"; };
		7643453BF1D24656A7A06BF4 /* WarpPerspective.cpp */ = {isa = PBXFileReference; lastKnownFileType = sourcecode.c.cpp; name = WarpPerspective.cpp; path = "../../../cinder_0.8.5_mac/blocks/Cinder-Warping/src/WarpPerspective.cpp"; sourceTree = "<group>"; };
		7824B62FE3E64C22A927C068 /* b2ContactSolver.h */ = {isa = PBXFileReference; lastKnownFileType = sourcecode.c.h; name = b2ContactSolver.h; path = ../../../cinder_0.8.5_mac/blocks/Box2D/src/Box2D/Dynamics/Contacts/b2ContactSolver.h; sourceTree = "<group>"; };
		782C358104B049758AB97150 /* b2GearJoint.cpp */ = {isa = PBXFileReference; lastKnownFileType = sourcecode.c.cpp; name = b2GearJoint.cpp; path = ../../../cinder_0.8.5_mac/blocks/Box2D/src/Box2D/Dynamics/Joints/b2GearJoint.cpp; sourceTree = "<group>"; };
		78B58F83FE7242A7A9A5C4D8 /* b2Draw.h */ = {isa = PBXFileReference; lastKnownFileType = sourcecode.c.h; name = b2Draw.h; path = ../../../cinder_0.8.5_mac/blocks/Box2D/src/Box2D/Common/b2Draw.h; sourceTree = "<group>"; };
		7E3E9B659AD34D48BC960F3E /* CinderApp.icns */ = {isa = PBXFileReference; lastKnownFileType = image.icns; name = CinderApp.icns; path = ../resources/CinderApp.icns; sourceTree = "<group>"; };
		7EF1C7AE46D947D4802CF28B /* b2DynamicTree.cpp */ = {isa = PBXFileReference; lastKnownFileType = sourcecode.c.cpp; name = b2DynamicTree.cpp; path = ../../../cinder_0.8.5_mac/blocks/Box2D/src/Box2D/Collision/b2DynamicTree.cpp; sourceTree = "<group>"; };
		8019402D1E6C45C19745468A /* OscBundle.cpp */ = {isa = PBXFileReference; lastKnownFileType = sourcecode.c.cpp; name = OscBundle.cpp; path = ../../../cinder_0.8.5_mac/blocks/OSC/src/OscBundle.cpp; sourceTree = "<group>"; };
		82E28D1A86D64DCBABB195CC /* b2World.cpp */ = {isa = PBXFileReference; lastKnownFileType = sourcecode.c.cpp; name = b2World.cpp; path = ../../../cinder_0.8.5_mac/blocks/Box2D/src/Box2D/Dynamics/b2World.cpp; sourceTree = "<group>"; };
		8630332A1F9A4C68BBAAB725 /* OscListener.cpp */ = {isa = PBXFileReference; lastKnownFileType = sourcecode.c.cpp; name = OscListener.cpp; path = ../../../cinder_0.8.5_mac/blocks/OSC/src/OscListener.cpp; sourceTree = "<group>"; };
		8908E41B3F92427E80B8409B /* b2GearJoint.h */ = {isa = PBXFileReference; lastKnownFileType = sourcecode.c.h; name = b2GearJoint.h; path = ../../../cinder_0.8.5_mac/blocks/Box2D/src/Box2D/Dynamics/Joints/b2GearJoint.h; sourceTree = "<group>"; };
		89125978D0E848FBBC28107C /* b2PulleyJoint.cpp */ = {isa = PBXFileReference; lastKnownFileType = sourcecode.c.cpp; name = b2PulleyJoint.cpp; path = ../../../cinder_0.8.5_mac/blocks/Box2D/src/Box2D/Dynamics/Joints/b2PulleyJoint.cpp; sourceTree = "<group>"; };
		8B083E5AAFAD461F895E7982 /* b2EdgeShape.cpp */ = {isa = PBXFileReference; lastKnownFileType = sourcecode.c.cpp; name = b2EdgeShape.cpp; path = ../../../cinder_0.8.5_mac/blocks/Box2D/src/Box2D/Collision/Shapes/b2EdgeShape.cpp; sourceTree = "<group>"; };
		8B785A2B8EF349B697272C3C /* checker4_Prefix.pch */ = {isa = PBXFileReference; lastKnownFileType = sourcecode.c.h; path = checker4_Prefix.pch; sourceTree = "<group>"; };
		8D1107320486CEB800E47090 /* checker4.app */ = {isa = PBXFileReference; explicitFileType = wrapper.application; includeInIndex = 0; path = checker4.app; sourceTree = BUILT_PRODUCTS_DIR; };
		90780623F51948EB8CEFB980 /* b2DistanceJoint.h */ = {isa = PBXFileReference; lastKnownFileType = sourcecode.c.h; name = b2DistanceJoint.h; path = ../../../cinder_0.8.5_mac/blocks/Box2D/src/Box2D/Dynamics/Joints/b2DistanceJoint.h; sourceTree = "<group>"; };
		92E456FB040F4AA79400D078 /* b2ChainShape.h */ = {isa = PBXFileReference; lastKnownFileType = sourcecode.c.h; name = b2ChainShape.h; path = ../../../cinder_0.8.5_mac/blocks/Box2D/src/Box2D/Collision/Shapes/b2ChainShape.h; sourceTree = "<group>"; };
		9563C9989B884C1BA8C1253F /* b2TimeOfImpact.h */ = {isa = PBXFileReference; lastKnownFileType = sourcecode.c.h; name = b2TimeOfImpact.h; path = ../../../cinder_0.8.5_mac/blocks/Box2D/src/Box2D/Collision/b2TimeOfImpact.h; sourceTree = "<group>"; };
		9876547E304B4CCCA5B32565 /* b2EdgeAndPolygonContact.h */ = {isa = PBXFileReference; lastKnownFileType = sourcecode.c.h; name = b2EdgeAndPolygonContact.h; path = ../../../cinder_0.8.5_mac/blocks/Box2D/src/Box2D/Dynamics/Contacts/b2EdgeAndPolygonContact.h; sourceTree = "<group>"; };
		98FF549758214629A5ADFE8A /* b2Body.h */ = {isa = PBXFileReference; lastKnownFileType = sourcecode.c.h; name = b2Body.h; path = ../../../cinder_0.8.5_mac/blocks/Box2D/src/Box2D/Dynamics/b2Body.h; sourceTree = "<group>"; };
		A09AC5032FE748A69C989F1D /* b2Distance.h */ = {isa = PBXFileReference; lastKnownFileType = sourcecode.c.h; name = b2Distance.h; path = ../../../cinder_0.8.5_mac/blocks/Box2D/src/Box2D/Collision/b2Distance.h; sourceTree = "<group>"; };
		A27C7C7CA3004A47AF04D4FD /* OscException.h */ = {isa = PBXFileReference; lastKnownFileType = sourcecode.c.h; name = OscException.h; path = ../../../cinder_0.8.5_mac/blocks/OSC/src/osc/OscException.h; sourceTree = "<group>"; };
		A37AAD6CE4D74F449AF5A257 /* OscHostEndianness.h */ = {isa = PBXFileReference; lastKnownFileType = sourcecode.c.h; name = OscHostEndianness.h; path = ../../../cinder_0.8.5_mac/blocks/OSC/src/osc/OscHostEndianness.h; sourceTree = "<group>"; };
		A40E13A12CC040608D8F4333 /* b2PolygonShape.h */ = {isa = PBXFileReference; lastKnownFileType = sourcecode.c.h; name = b2PolygonShape.h; path = ../../../cinder_0.8.5_mac/blocks/Box2D/src/Box2D/Collision/Shapes/b2PolygonShape.h; sourceTree = "<group>"; };
		A58F575AEF15420B8715DBF2 /* b2CircleShape.cpp */ = {isa = PBXFileReference; lastKnownFileType = sourcecode.c.cpp; name = b2CircleShape.cpp; path = ../../../cinder_0.8.5_mac/blocks/Box2D/src/Box2D/Collision/Shapes/b2CircleShape.cpp; sourceTree = "<group>"; };
		A5D69073630E44F982F7F049 /* NetworkingUtils.cpp */ = {isa = PBXFileReference; lastKnownFileType = sourcecode.c.cpp; name = NetworkingUtils.cpp; path = ../../../cinder_0.8.5_mac/blocks/OSC/src/ip/posix/NetworkingUtils.cpp; sourceTree = "<group>"; };
		AB2FE382004D4DF3AAD790B8 /* b2GrowableStack.h */ = {isa = PBXFileReference; lastKnownFileType = sourcecode.c.h; name = b2GrowableStack.h; path = ../../../cinder_0.8.5_mac/blocks/Box2D/src/Box2D/Common/b2GrowableStack.h; sourceTree = "<group>"; };
		ADA0FA25CFCC47798002FBC2 /* OscSender.h */ = {isa = PBXFileReference; lastKnownFileType = sourcecode.c.h; name = OscSender.h; path = ../../../cinder_0.8.5_mac/blocks/OSC/src/OscSender.h; sourceTree = "<group>"; };
		AEE8663D9E50419EAC22B1DB /* b2BlockAllocator.h */ = {isa = PBXFileReference; lastKnownFileType = sourcecode.c.h; name = b2BlockAllocator.h; path = ../../../cinder_0.8.5_mac/blocks/Box2D/src/Box2D/Common/b2BlockAllocator.h; sourceTree = "<group>"; };
		B04F9F9CB13747ABAD182B26 /* syphonClient.mm */ = {isa = PBXFileReference; lastKnownFileType = sourcecode.cpp.objcpp; name = syphonClient.mm; path = "../../../cinder_0.8.5_mac/blocks/Cinder-Syphon/src/syphonClient.mm"; sourceTree = "<group>"; };
		B21D1A85EF314C33ADBC7A73 /* OscListener.h */ = {isa = PBXFileReference; lastKnownFileType = sourcecode.c.h; name = OscListener.h; path = ../../../cinder_0.8.5_mac/blocks/OSC/src/OscListener.h; sourceTree = "<group>"; };
		B2DD7F45EC1243069D9B29F7 /* b2Island.h */ = {isa = PBXFileReference; lastKnownFileType = sourcecode.c.h; name = b2Island.h; path = ../../../cinder_0.8.5_mac/blocks/Box2D/src/Box2D/Dynamics/b2Island.h; sourceTree = "<group>"; };
		B44DDEBAC2E749468D5474F8 /* b2PulleyJoint.h */ = {isa = PBXFileReference; lastKnownFileType = sourcecode.c.h; name = b2PulleyJoint.h; path = ../../../cinder_0.8.5_mac/blocks/Box2D/src/Box2D/Dynamics/Joints/b2PulleyJoint.h; sourceTree = "<group>"; };
		B905F8C9CC5F4981B8EDBC40 /* b2Distance.cpp */ = {isa = PBXFileReference; lastKnownFileType = sourcecode.c.cpp; name = b2Distance.cpp; path = ../../../cinder_0.8.5_mac/blocks/Box2D/src/Box2D/Collision/b2Distance.cpp; sourceTree = "<group>"; };
		B96DB774130744C09A2E55D1 /* b2Fixture.cpp */ = {isa = PBXFileReference; lastKnownFileType = sourcecode.c.cpp; name = b2Fixture.cpp; path = ../../../cinder_0.8.5_mac/blocks/Box2D/src/Box2D/Dynamics/b2Fixture.cpp; sourceTree = "<group>"; };
		B99DEC5280974DF08D94BCE8 /* b2Math.h */ = {isa = PBXFileReference; lastKnownFileType = sourcecode.c.h; name = b2Math.h; path = ../../../cinder_0.8.5_mac/blocks/Box2D/src/Box2D/Common/b2Math.h; sourceTree = "<group>"; };
		BC628BB1A95049448DCC67C9 /* b2DistanceJoint.cpp */ = {isa = PBXFileReference; lastKnownFileType = sourcecode.c.cpp; name = b2DistanceJoint.cpp; path = ../../../cinder_0.8.5_mac/blocks/Box2D/src/Box2D/Dynamics/Joints/b2DistanceJoint.cpp; sourceTree = "<group>"; };
		C22B5ECE6BE748449691E116 /* b2Settings.cpp */ = {isa = PBXFileReference; lastKnownFileType = sourcecode.c.cpp; name = b2Settings.cpp; path = ../../../cinder_0.8.5_mac/blocks/Box2D/src/Box2D/Common/b2Settings.cpp; sourceTree = "<group>"; };
		C2D97922D6CC49EEB90ABDEA /* b2FrictionJoint.h */ = {isa = PBXFileReference; lastKnownFileType = sourcecode.c.h; name = b2FrictionJoint.h; path = ../../../cinder_0.8.5_mac/blocks/Box2D/src/Box2D/Dynamics/Joints/b2FrictionJoint.h; sourceTree = "<group>"; };
		C433FFE3C48A484881FC0BDC /* b2CollideCircle.cpp */ = {isa = PBXFileReference; lastKnownFileType = sourcecode.c.cpp; name = b2CollideCircle.cpp; path = ../../../cinder_0.8.5_mac/blocks/Box2D/src/Box2D/Collision/b2CollideCircle.cpp; sourceTree = "<group>"; };
		C5093F2B86A441C4A0673173 /* b2ContactManager.h */ = {isa = PBXFileReference; lastKnownFileType = sourcecode.c.h; name = b2ContactManager.h; path = ../../../cinder_0.8.5_mac/blocks/Box2D/src/Box2D/Dynamics/b2ContactManager.h; sourceTree = "<group>"; };
		C59F171AD5EA431CB500B815 /* b2CircleShape.h */ = {isa = PBXFileReference; lastKnownFileType = sourcecode.c.h; name = b2CircleShape.h; path = ../../../cinder_0.8.5_mac/blocks/Box2D/src/Box2D/Collision/Shapes/b2CircleShape.h; sourceTree = "<group>"; };
		C5AE67A7B8E04D419426517D /* IpEndpointName.cpp */ = {isa = PBXFileReference; lastKnownFileType = sourcecode.c.cpp; name = IpEndpointName.cpp; path = ../../../cinder_0.8.5_mac/blocks/OSC/src/ip/IpEndpointName.cpp; sourceTree = "<group>"; };
		C6A460B857F94F5BB93FD438 /* b2Contact.cpp */ = {isa = PBXFileReference; lastKnownFileType = sourcecode.c.cpp; name = b2Contact.cpp; path = ../../../cinder_0.8.5_mac/blocks/Box2D/src/Box2D/Dynamics/Contacts/b2Contact.cpp; sourceTree = "<group>"; };
		C6C15F2E4B8D4895B85A9EE2 /* b2RopeJoint.cpp */ = {isa = PBXFileReference; lastKnownFileType = sourcecode.c.cpp; name = b2RopeJoint.cpp; path = ../../../cinder_0.8.5_mac/blocks/Box2D/src/Box2D/Dynamics/Joints/b2RopeJoint.cpp; sourceTree = "<group>"; };
		C77FDFF39863440DBA8575D0 /* b2StackAllocator.cpp */ = {isa = PBXFileReference; lastKnownFileType = sourcecode.c.cpp; name = b2StackAllocator.cpp; path = ../../../cinder_0.8.5_mac/blocks/Box2D/src/Box2D/Common/b2StackAllocator.cpp; sourceTree = "<group>"; };
		C78003472D3B4CD385D7B59F /* syphonServerDirectory.mm */ = {isa = PBXFileReference; lastKnownFileType = sourcecode.cpp.objcpp; name = syphonServerDirectory.mm; path = "../../../cinder_0.8.5_mac/blocks/Cinder-Syphon/src/syphonServerDirectory.mm"; sourceTree = "<group>"; };
		CA3AB523F8314E33858A7E6D /* OscMessage.h */ = {isa = PBXFileReference; lastKnownFileType = sourcecode.c.h; name = OscMessage.h; path = ../../../cinder_0.8.5_mac/blocks/OSC/src/OscMessage.h; sourceTree = "<group>"; };
		CB166DFA7DBA4635950B078B /* SimpleGUI.h */ = {isa = PBXFileReference; lastKnownFileType = sourcecode.c.h; name = SimpleGUI.h; path = "../../../cinder_0.8.5_mac/blocks/Cinder-SimpleGUI/include/SimpleGUI.h"; sourceTree = "<group>"; };
		CC07261CFB8B4888BF92ACD1 /* b2CollidePolygon.cpp */ = {isa = PBXFileReference; lastKnownFileType = sourcecode.c.cpp; name = b2CollidePolygon.cpp; path = ../../../cinder_0.8.5_mac/blocks/Box2D/src/Box2D/Collision/b2CollidePolygon.cpp; sourceTree = "<group>"; };
		CCDDD327350145CEB351C13C /* b2TimeOfImpact.cpp */ = {isa = PBXFileReference; lastKnownFileType = sourcecode.c.cpp; name = b2TimeOfImpact.cpp; path = ../../../cinder_0.8.5_mac/blocks/Box2D/src/Box2D/Collision/b2TimeOfImpact.cpp; sourceTree = "<group>"; };
		CD10C8B69D034B5FAAC5ACC6 /* b2PolygonContact.h */ = {isa = PBXFileReference; lastKnownFileType = sourcecode.c.h; name = b2PolygonContact.h; path = ../../../cinder_0.8.5_mac/blocks/Box2D/src/Box2D/Dynamics/Contacts/b2PolygonContact.h; sourceTree = "<group>"; };
		D2555797771041D998DA7CA1 /* b2EdgeAndCircleContact.h */ = {isa = PBXFileReference; lastKnownFileType = sourcecode.c.h; name = b2EdgeAndCircleContact.h; path = ../../../cinder_0.8.5_mac/blocks/Box2D/src/Box2D/Dynamics/Contacts/b2EdgeAndCircleContact.h; sourceTree = "<group>"; };
		D2F197CCAB07468BB4331A09 /* MessageMappingOscPacketListener.h */ = {isa = PBXFileReference; lastKnownFileType = sourcecode.c.h; name = MessageMappingOscPacketListener.h; path = ../../../cinder_0.8.5_mac/blocks/OSC/src/osc/MessageMappingOscPacketListener.h; sourceTree = "<group>"; };
		D3A737C2927E4CF9AC9ED016 /* OscReceivedElements.h */ = {isa = PBXFileReference; lastKnownFileType = sourcecode.c.h; name = OscReceivedElements.h; path = ../../../cinder_0.8.5_mac/blocks/OSC/src/osc/OscReceivedElements.h; sourceTree = "<group>"; };
		D9886083AD8840C6A2731F77 /* b2PrismaticJoint.h */ = {isa = PBXFileReference; lastKnownFileType = sourcecode.c.h; name = b2PrismaticJoint.h; path = ../../../cinder_0.8.5_mac/blocks/Box2D/src/Box2D/Dynamics/Joints/b2PrismaticJoint.h; sourceTree = "<group>"; };
		D9B5B760C85346958ABBB790 /* UdpSocket.h */ = {isa = PBXFileReference; lastKnownFileType = sourcecode.c.h; name = UdpSocket.h; path = ../../../cinder_0.8.5_mac/blocks/OSC/src/ip/UdpSocket.h; sourceTree = "<group>"; };
		DBE3A4C8A81346C8BE3ADAC3 /* b2EdgeShape.h */ = {isa = PBXFileReference; lastKnownFileType = sourcecode.c.h; name = b2EdgeShape.h; path = ../../../cinder_0.8.5_mac/blocks/Box2D/src/Box2D/Collision/Shapes/b2EdgeShape.h; sourceTree = "<group>"; };
		DC220FD788BB44FEA8B8965C /* b2CircleContact.h */ = {isa = PBXFileReference; lastKnownFileType = sourcecode.c.h; name = b2CircleContact.h; path = ../../../cinder_0.8.5_mac/blocks/Box2D/src/Box2D/Dynamics/Contacts/b2CircleContact.h; sourceTree = "<group>"; };
		DD694492963D47D898F3C995 /* CinderOpenCV.h */ = {isa = PBXFileReference; lastKnownFileType = sourcecode.c.h; name = CinderOpenCV.h; path = ../../../cinder_0.8.5_mac/blocks/OpenCV/include/CinderOpenCV.h; sourceTree = "<group>"; };
		E24B24CFAC9949EB8C690F93 /* OscSender.cpp */ = {isa = PBXFileReference; lastKnownFileType = sourcecode.c.cpp; name = OscSender.cpp; path = ../../../cinder_0.8.5_mac/blocks/OSC/src/OscSender.cpp; sourceTree = "<group>"; };
		E3E180DE1CA842829481CB9A /* OscBundle.h */ = {isa = PBXFileReference; lastKnownFileType = sourcecode.c.h; name = OscBundle.h; path = ../../../cinder_0.8.5_mac/blocks/OSC/src/OscBundle.h; sourceTree = "<group>"; };
		E4EC5AAAFA4246658AB46FAC /* b2Math.cpp */ = {isa = PBXFileReference; lastKnownFileType = sourcecode.c.cpp; name = b2Math.cpp; path = ../../../cinder_0.8.5_mac/blocks/Box2D/src/Box2D/Common/b2Math.cpp; sourceTree = "<group>"; };
		E8C73C169B074BA48C1F859C /* b2Rope.h */ = {isa = PBXFileReference; lastKnownFileType = sourcecode.c.h; name = b2Rope.h; path = ../../../cinder_0.8.5_mac/blocks/Box2D/src/Box2D/Rope/b2Rope.h; sourceTree = "<group>"; };
		E99DAF37D689426D943E56BA /* b2PolygonAndCircleContact.cpp */ = {isa = PBXFileReference; lastKnownFileType = sourcecode.c.cpp; name = b2PolygonAndCircleContact.cpp; path = ../../../cinder_0.8.5_mac/blocks/Box2D/src/Box2D/Dynamics/Contacts/b2PolygonAndCircleContact.cpp; sourceTree = "<group>"; };
		EB62B22FF4F6444E8CBDBC2C /* OscOutboundPacketStream.h */ = {isa = PBXFileReference; lastKnownFileType = sourcecode.c.h; name = OscOutboundPacketStream.h; path = ../../../cinder_0.8.5_mac/blocks/OSC/src/osc/OscOutboundPacketStream.h; sourceTree = "<group>"; };
		ECC50F6635914B5D9FB713B5 /* b2Shape.h */ = {isa = PBXFileReference; lastKnownFileType = sourcecode.c.h; name = b2Shape.h; path = ../../../cinder_0.8.5_mac/blocks/Box2D/src/Box2D/Collision/Shapes/b2Shape.h; sourceTree = "<group>"; };
		EE22ACB68D364B018FFC03BC /* OscPacketListener.h */ = {isa = PBXFileReference; lastKnownFileType = sourcecode.c.h; name = OscPacketListener.h; path = ../../../cinder_0.8.5_mac/blocks/OSC/src/osc/OscPacketListener.h; sourceTree = "<group>"; };
		F0AB1AEA2D784953825D9807 /* b2ChainAndCircleContact.cpp */ = {isa = PBXFileReference; lastKnownFileType = sourcecode.c.cpp; name = b2ChainAndCircleContact.cpp; path = ../../../cinder_0.8.5_mac/blocks/Box2D/src/Box2D/Dynamics/Contacts/b2ChainAndCircleContact.cpp; sourceTree = "<group>"; };
		F436F7D11F7E450AB36B6747 /* SyphonNameboundClient.h */ = {isa = PBXFileReference; lastKnownFileType = sourcecode.c.h; name = SyphonNameboundClient.h; path = "../../../cinder_0.8.5_mac/blocks/Cinder-Syphon/lib/SyphonNameboundClient.h"; sourceTree = "<group>"; };
		F4D5FD052F234A22A271D851 /* b2WorldCallbacks.cpp */ = {isa = PBXFileReference; lastKnownFileType = sourcecode.c.cpp; name = b2WorldCallbacks.cpp; path = ../../../cinder_0.8.5_mac/blocks/Box2D/src/Box2D/Dynamics/b2WorldCallbacks.cpp; sourceTree = "<group>"; };
		F91DCFC736034FB29283BB8C /* b2RevoluteJoint.h */ = {isa = PBXFileReference; lastKnownFileType = sourcecode.c.h; name = b2RevoluteJoint.h; path = ../../../cinder_0.8.5_mac/blocks/Box2D/src/Box2D/Dynamics/Joints/b2RevoluteJoint.h; sourceTree = "<group>"; };
		FBD126889DAA483988ABB524 /* b2ContactManager.cpp */ = {isa = PBXFileReference; lastKnownFileType = sourcecode.c.cpp; name = b2ContactManager.cpp; path = ../../../cinder_0.8.5_mac/blocks/Box2D/src/Box2D/Dynamics/b2ContactManager.cpp; sourceTree = "<group>"; };
		FCF05B8812E04B14BA62B44B /* b2Rope.cpp */ = {isa = PBXFileReference; lastKnownFileType = sourcecode.c.cpp; name = b2Rope.cpp; path = ../../../cinder_0.8.5_mac/blocks/Box2D/src/Box2D/Rope/b2Rope.cpp; sourceTree = "<group>"; };
		FD6AAA9EFB134787B95943BE /* OscMessage.cpp */ = {isa = PBXFileReference; lastKnownFileType = sourcecode.c.cpp; name = OscMessage.cpp; path = ../../../cinder_0.8.5_mac/blocks/OSC/src/OscMessage.cpp; sourceTree = "<group>"; };
		FE0F5D5A194BC69400C674FC /* grid.cpp */ = {isa = PBXFileReference; fileEncoding = 4; lastKnownFileType = sourcecode.cpp.cpp; name = grid.cpp; path = ../src/grid.cpp; sourceTree = "<group>"; };
		FE0F5D5B194BC69400C674FC /* grid.h */ = {isa = PBXFileReference; fileEncoding = 4; lastKnownFileType = sourcecode.c.h; name = grid.h; path = ../src/grid.h; sourceTree = "<group>"; };
		FE607F83194CA5910076EE24 /* pf_tempesta_seven.ttf */ = {isa = PBXFileReference; lastKnownFileType = file; path = pf_tempesta_seven.ttf; sourceTree = "<group>"; };
		FE607F85194CA6510076EE24 /* QuickTime.framework */ = {isa = PBXFileReference; lastKnownFileType = wrapper.framework; name = QuickTime.framework; path = System/Library/Frameworks/QuickTime.framework; sourceTree = SDKROOT; };
		FEB668FB194EFA13009C1241 /* README */ = {isa = PBXFileReference; fileEncoding = 4; lastKnownFileType = text; path = README; sourceTree = "<group>"; };
		FEB6694A194EFA13009C1241 /* ClientInterface.cpp */ = {isa = PBXFileReference; fileEncoding = 4; lastKnownFileType = sourcecode.cpp.cpp; path = ClientInterface.cpp; sourceTree = "<group>"; };
		FEB6694B194EFA13009C1241 /* ClientInterface.h */ = {isa = PBXFileReference; fileEncoding = 4; lastKnownFileType = sourcecode.c.h; path = ClientInterface.h; sourceTree = "<group>"; };
		FEB6694C194EFA13009C1241 /* DispatcherInterface.cpp */ = {isa = PBXFileReference; fileEncoding = 4; lastKnownFileType = sourcecode.cpp.cpp; path = DispatcherInterface.cpp; sourceTree = "<group>"; };
		FEB6694D194EFA13009C1241 /* DispatcherInterface.h */ = {isa = PBXFileReference; fileEncoding = 4; lastKnownFileType = sourcecode.c.h; path = DispatcherInterface.h; sourceTree = "<group>"; };
		FEB6694E194EFA13009C1241 /* ServerInterface.cpp */ = {isa = PBXFileReference; fileEncoding = 4; lastKnownFileType = sourcecode.cpp.cpp; path = ServerInterface.cpp; sourceTree = "<group>"; };
		FEB6694F194EFA13009C1241 /* ServerInterface.h */ = {isa = PBXFileReference; fileEncoding = 4; lastKnownFileType = sourcecode.c.h; path = ServerInterface.h; sourceTree = "<group>"; };
		FEB66950194EFA13009C1241 /* SessionInterface.cpp */ = {isa = PBXFileReference; fileEncoding = 4; lastKnownFileType = sourcecode.cpp.cpp; path = SessionInterface.cpp; sourceTree = "<group>"; };
		FEB66951194EFA13009C1241 /* SessionInterface.h */ = {isa = PBXFileReference; fileEncoding = 4; lastKnownFileType = sourcecode.c.h; path = SessionInterface.h; sourceTree = "<group>"; };
		FEB66952194EFA13009C1241 /* TcpClient.cpp */ = {isa = PBXFileReference; fileEncoding = 4; lastKnownFileType = sourcecode.cpp.cpp; path = TcpClient.cpp; sourceTree = "<group>"; };
		FEB66953194EFA13009C1241 /* TcpClient.h */ = {isa = PBXFileReference; fileEncoding = 4; lastKnownFileType = sourcecode.c.h; path = TcpClient.h; sourceTree = "<group>"; };
		FEB66954194EFA13009C1241 /* TcpServer.cpp */ = {isa = PBXFileReference; fileEncoding = 4; lastKnownFileType = sourcecode.cpp.cpp; path = TcpServer.cpp; sourceTree = "<group>"; };
		FEB66955194EFA13009C1241 /* TcpServer.h */ = {isa = PBXFileReference; fileEncoding = 4; lastKnownFileType = sourcecode.c.h; path = TcpServer.h; sourceTree = "<group>"; };
		FEB66956194EFA13009C1241 /* TcpSession.cpp */ = {isa = PBXFileReference; fileEncoding = 4; lastKnownFileType = sourcecode.cpp.cpp; path = TcpSession.cpp; sourceTree = "<group>"; };
		FEB66957194EFA13009C1241 /* TcpSession.h */ = {isa = PBXFileReference; fileEncoding = 4; lastKnownFileType = sourcecode.c.h; path = TcpSession.h; sourceTree = "<group>"; };
		FEB66958194EFA13009C1241 /* UdpClient.cpp */ = {isa = PBXFileReference; fileEncoding = 4; lastKnownFileType = sourcecode.cpp.cpp; path = UdpClient.cpp; sourceTree = "<group>"; };
		FEB66959194EFA13009C1241 /* UdpClient.h */ = {isa = PBXFileReference; fileEncoding = 4; lastKnownFileType = sourcecode.c.h; path = UdpClient.h; sourceTree = "<group>"; };
		FEB6695A194EFA13009C1241 /* UdpServer.cpp */ = {isa = PBXFileReference; fileEncoding = 4; lastKnownFileType = sourcecode.cpp.cpp; path = UdpServer.cpp; sourceTree = "<group>"; };
		FEB6695B194EFA13009C1241 /* UdpServer.h */ = {isa = PBXFileReference; fileEncoding = 4; lastKnownFileType = sourcecode.c.h; path = UdpServer.h; sourceTree = "<group>"; };
		FEB6695C194EFA13009C1241 /* UdpSession.cpp */ = {isa = PBXFileReference; fileEncoding = 4; lastKnownFileType = sourcecode.cpp.cpp; path = UdpSession.cpp; sourceTree = "<group>"; };
		FEB6695D194EFA13009C1241 /* UdpSession.h */ = {isa = PBXFileReference; fileEncoding = 4; lastKnownFileType = sourcecode.c.h; path = UdpSession.h; sourceTree = "<group>"; };
		FEB6695E194EFA13009C1241 /* WaitTimer.cpp */ = {isa = PBXFileReference; fileEncoding = 4; lastKnownFileType = sourcecode.cpp.cpp; path = WaitTimer.cpp; sourceTree = "<group>"; };
		FEB6695F194EFA13009C1241 /* WaitTimer.h */ = {isa = PBXFileReference; fileEncoding = 4; lastKnownFileType = sourcecode.c.h; path = WaitTimer.h; sourceTree = "<group>"; };
		FEC9ED921BC95FDD007D1905 /* .gitignore */ = {isa = PBXFileReference; fileEncoding = 4; lastKnownFileType = text; path = .gitignore; sourceTree = "<group>"; };
		FEC9ED961BC95FDD007D1905 /* lo.h */ = {isa = PBXFileReference; fileEncoding = 4; lastKnownFileType = sourcecode.c.h; path = lo.h; sourceTree = "<group>"; };
		FEC9ED971BC95FDD007D1905 /* lo_endian.h */ = {isa = PBXFileReference; fileEncoding = 4; lastKnownFileType = sourcecode.c.h; path = lo_endian.h; sourceTree = "<group>"; };
		FEC9ED981BC95FDD007D1905 /* lo_errors.h */ = {isa = PBXFileReference; fileEncoding = 4; lastKnownFileType = sourcecode.c.h; path = lo_errors.h; sourceTree = "<group>"; };
		FEC9ED991BC95FDD007D1905 /* lo_lowlevel.h */ = {isa = PBXFileReference; fileEncoding = 4; lastKnownFileType = sourcecode.c.h; path = lo_lowlevel.h; sourceTree = "<group>"; };
		FEC9ED9A1BC95FDD007D1905 /* lo_macros.h */ = {isa = PBXFileReference; fileEncoding = 4; lastKnownFileType = sourcecode.c.h; path = lo_macros.h; sourceTree = "<group>"; };
		FEC9ED9B1BC95FDD007D1905 /* lo_osc_types.h */ = {isa = PBXFileReference; fileEncoding = 4; lastKnownFileType = sourcecode.c.h; path = lo_osc_types.h; sourceTree = "<group>"; };
		FEC9ED9C1BC95FDD007D1905 /* lo_throw.h */ = {isa = PBXFileReference; fileEncoding = 4; lastKnownFileType = sourcecode.c.h; path = lo_throw.h; sourceTree = "<group>"; };
		FEC9ED9D1BC95FDD007D1905 /* lo_types.h */ = {isa = PBXFileReference; fileEncoding = 4; lastKnownFileType = sourcecode.c.h; path = lo_types.h; sourceTree = "<group>"; };
		FEC9EDAE1BC95FDD007D1905 /* liblo.a */ = {isa = PBXFileReference; lastKnownFileType = archive.ar; path = liblo.a; sourceTree = "<group>"; };
		FEC9EDB01BC95FDD007D1905 /* liblo.dll */ = {isa = PBXFileReference; lastKnownFileType = file; path = liblo.dll; sourceTree = "<group>"; };
		FEC9EDB11BC95FDD007D1905 /* liblo.lib */ = {isa = PBXFileReference; lastKnownFileType = archive.ar; path = liblo.lib; sourceTree = "<group>"; };
		FEC9EDB21BC95FDD007D1905 /* liblo_d.dll */ = {isa = PBXFileReference; lastKnownFileType = file; path = liblo_d.dll; sourceTree = "<group>"; };
		FEC9EDB31BC95FDD007D1905 /* liblo_d.lib */ = {isa = PBXFileReference; lastKnownFileType = archive.ar; path = liblo_d.lib; sourceTree = "<group>"; };
		FEC9EDB41BC95FDD007D1905 /* pthreadVC2.dll */ = {isa = PBXFileReference; lastKnownFileType = file; path = pthreadVC2.dll; sourceTree = "<group>"; };
		FEC9EDB51BC95FDD007D1905 /* README.md */ = {isa = PBXFileReference; fileEncoding = 4; lastKnownFileType = net.daringfireball.markdown; path = README.md; sourceTree = "<group>"; };
		FEC9EDC81BC95FDD007D1905 /* OscClient.cpp */ = {isa = PBXFileReference; fileEncoding = 4; lastKnownFileType = sourcecode.cpp.cpp; path = OscClient.cpp; sourceTree = "<group>"; };
		FEC9EDC91BC95FDD007D1905 /* OscClient.h */ = {isa = PBXFileReference; fileEncoding = 4; lastKnownFileType = sourcecode.c.h; path = OscClient.h; sourceTree = "<group>"; };
		FEC9EDCA1BC95FDD007D1905 /* OscCore.h */ = {isa = PBXFileReference; fileEncoding = 4; lastKnownFileType = sourcecode.c.h; path = OscCore.h; sourceTree = "<group>"; };
		FEC9EDCB1BC95FDD007D1905 /* OscServer.cpp */ = {isa = PBXFileReference; fileEncoding = 4; lastKnownFileType = sourcecode.cpp.cpp; path = OscServer.cpp; sourceTree = "<group>"; };
		FEC9EDCC1BC95FDD007D1905 /* OscServer.h */ = {isa = PBXFileReference; fileEncoding = 4; lastKnownFileType = sourcecode.c.h; path = OscServer.h; sourceTree = "<group>"; };
		FFE57229B1144950A7F5672D /* b2MouseJoint.h */ = {isa = PBXFileReference; lastKnownFileType = sourcecode.c.h; name = b2MouseJoint.h; path = ../../../cinder_0.8.5_mac/blocks/Box2D/src/Box2D/Dynamics/Joints/b2MouseJoint.h; sourceTree = "<group>"; };
/* End PBXFileReference section */

/* Begin PBXFrameworksBuildPhase section */
		8D11072E0486CEB800E47090 /* Frameworks */ = {
			isa = PBXFrameworksBuildPhase;
			buildActionMask = 2147483647;
			files = (
				FE607F86194CA6510076EE24 /* QuickTime.framework in Frameworks */,
				8D11072F0486CEB800E47090 /* Cocoa.framework in Frameworks */,
				0091D8F90E81B9330029341E /* OpenGL.framework in Frameworks */,
				5323E6B20EAFCA74003A9687 /* CoreVideo.framework in Frameworks */,
				5323E6B60EAFCA7E003A9687 /* QTKit.framework in Frameworks */,
				FEC9EDCE1BC95FDD007D1905 /* liblo.a in Frameworks */,
				00B784B30FF439BC000DE1D7 /* Accelerate.framework in Frameworks */,
				00B784B40FF439BC000DE1D7 /* AudioToolbox.framework in Frameworks */,
				FEC9EDD01BC95FDD007D1905 /* liblo.lib in Frameworks */,
				00B784B50FF439BC000DE1D7 /* AudioUnit.framework in Frameworks */,
				00B784B60FF439BC000DE1D7 /* CoreAudio.framework in Frameworks */,
				A1510641641C47D6886458F8 /* Syphon.framework in Frameworks */,
				FEC9EDD21BC95FDD007D1905 /* liblo_d.lib in Frameworks */,
			);
			runOnlyForDeploymentPostprocessing = 0;
		};
/* End PBXFrameworksBuildPhase section */

/* Begin PBXGroup section */
		01B97315FEAEA392516A2CEA /* Blocks */ = {
			isa = PBXGroup;
			children = (
				FEC9ED911BC95FDD007D1905 /* Cinder-Osc */,
				FEB668F9194EFA13009C1241 /* Cinder-Asio */,
				4923F8E5539547C695AF1AF0 /* Box2D */,
				466AAE60644D486392FEF67A /* SimpleGUI */,
				6C1CB63D79FD4ED0A053462E /* Syphon */,
				2E334C03B8384326924662C8 /* Warping */,
				935B53F2450848F38300BE82 /* OpenCV */,
				49970760083B490688B0630F /* OSC */,
			);
			name = Blocks;
			sourceTree = "<group>";
		};
		049758406DFB41999C2AC7F3 /* lib */ = {
			isa = PBXGroup;
			children = (
				F436F7D11F7E450AB36B6747 /* SyphonNameboundClient.h */,
				2A0B0AE5A57B4E4D8DB80DB4 /* SyphonNameboundClient.m */,
				6106858AD18046B6A2956994 /* Syphon.framework */,
			);
			name = lib;
			sourceTree = "<group>";
		};
		080E96DDFE201D6D7F000001 /* Source */ = {
			isa = PBXGroup;
			children = (
				6E3486B6BC034DA3A1FC5DE4 /* checker4App.cpp */,
				FE0F5D5A194BC69400C674FC /* grid.cpp */,
			);
			name = Source;
			sourceTree = "<group>";
		};
		0DEF9022D8C348B8ADD4DD1E /* include */ = {
			isa = PBXGroup;
			children = (
				CB166DFA7DBA4635950B078B /* SimpleGUI.h */,
			);
			name = include;
			sourceTree = "<group>";
		};
		1058C7A0FEA54F0111CA2CBB /* Linked Frameworks */ = {
			isa = PBXGroup;
			children = (
				00B784AF0FF439BC000DE1D7 /* Accelerate.framework */,
				00B784B00FF439BC000DE1D7 /* AudioToolbox.framework */,
				00B784B10FF439BC000DE1D7 /* AudioUnit.framework */,
				00B784B20FF439BC000DE1D7 /* CoreAudio.framework */,
				5323E6B50EAFCA7E003A9687 /* QTKit.framework */,
				5323E6B10EAFCA74003A9687 /* CoreVideo.framework */,
				0091D8F80E81B9330029341E /* OpenGL.framework */,
				1058C7A1FEA54F0111CA2CBB /* Cocoa.framework */,
			);
			name = "Linked Frameworks";
			sourceTree = "<group>";
		};
		1058C7A2FEA54F0111CA2CBB /* Other Frameworks */ = {
			isa = PBXGroup;
			children = (
				29B97324FDCFA39411CA2CEA /* AppKit.framework */,
				29B97325FDCFA39411CA2CEA /* Foundation.framework */,
			);
			name = "Other Frameworks";
			sourceTree = "<group>";
		};
		19C28FACFE9D520D11CA2CBB /* Products */ = {
			isa = PBXGroup;
			children = (
				8D1107320486CEB800E47090 /* checker4.app */,
			);
			name = Products;
			sourceTree = "<group>";
		};
		29B97314FDCFA39411CA2CEA /* checker3 */ = {
			isa = PBXGroup;
			children = (
				01B97315FEAEA392516A2CEA /* Blocks */,
				29B97315FDCFA39411CA2CEA /* Headers */,
				080E96DDFE201D6D7F000001 /* Source */,
				29B97317FDCFA39411CA2CEA /* Resources */,
				29B97323FDCFA39411CA2CEA /* Frameworks */,
				19C28FACFE9D520D11CA2CBB /* Products */,
			);
			name = checker3;
			sourceTree = "<group>";
		};
		29B97315FDCFA39411CA2CEA /* Headers */ = {
			isa = PBXGroup;
			children = (
				FE0F5D5B194BC69400C674FC /* grid.h */,
				3BE1E5798FD44B04AB346D77 /* Resources.h */,
				8B785A2B8EF349B697272C3C /* checker4_Prefix.pch */,
			);
			name = Headers;
			sourceTree = "<group>";
		};
		29B97317FDCFA39411CA2CEA /* Resources */ = {
			isa = PBXGroup;
			children = (
				FE607F83194CA5910076EE24 /* pf_tempesta_seven.ttf */,
				7E3E9B659AD34D48BC960F3E /* CinderApp.icns */,
				19B2A74CD810413BB012BA4C /* Info.plist */,
			);
			name = Resources;
			sourceTree = "<group>";
		};
		29B97323FDCFA39411CA2CEA /* Frameworks */ = {
			isa = PBXGroup;
			children = (
				FE607F85194CA6510076EE24 /* QuickTime.framework */,
				1058C7A0FEA54F0111CA2CBB /* Linked Frameworks */,
				1058C7A2FEA54F0111CA2CBB /* Other Frameworks */,
			);
			name = Frameworks;
			sourceTree = "<group>";
		};
		2E334C03B8384326924662C8 /* Warping */ = {
			isa = PBXGroup;
			children = (
				C51205E88BCE45F7BB2F2B5E /* include */,
				8160553F019A4683B79317F3 /* src */,
			);
			name = Warping;
			sourceTree = "<group>";
		};
		466AAE60644D486392FEF67A /* SimpleGUI */ = {
			isa = PBXGroup;
			children = (
				0DEF9022D8C348B8ADD4DD1E /* include */,
				54953E3DE4AC49799716E779 /* src */,
			);
			name = SimpleGUI;
			sourceTree = "<group>";
		};
		47F2B59FED254C4EB5DD42CD /* posix */ = {
			isa = PBXGroup;
			children = (
				A5D69073630E44F982F7F049 /* NetworkingUtils.cpp */,
				181F98A3552F403F9AEBE8A3 /* UdpSocket.cpp */,
			);
			name = posix;
			sourceTree = "<group>";
		};
		48B17D5D3AF84A10B8253F1A /* src */ = {
			isa = PBXGroup;
			children = (
				73AAA9E96C4F4E9FAF06B609 /* cinderSyphon.h */,
				18697BB52389403CA12EB5F6 /* syphonClient.h */,
				6DAA412B7BDE4B2B818B2079 /* syphonServer.h */,
				3F24F443F78D44A29A0B3FF5 /* syphonServerDirectory.h */,
				B04F9F9CB13747ABAD182B26 /* syphonClient.mm */,
				5AA0E74C2D3F47448E944827 /* syphonServer.mm */,
				C78003472D3B4CD385D7B59F /* syphonServerDirectory.mm */,
			);
			name = src;
			sourceTree = "<group>";
		};
		4923F8E5539547C695AF1AF0 /* Box2D */ = {
			isa = PBXGroup;
			children = (
				696918FC37AD4D87932A4146 /* src */,
			);
			name = Box2D;
			sourceTree = "<group>";
		};
		49892FB243BD4118AD9B4A73 /* Dynamics */ = {
			isa = PBXGroup;
			children = (
				63AAB3F9D3734F819B8BF30A /* b2Body.cpp */,
				FBD126889DAA483988ABB524 /* b2ContactManager.cpp */,
				B96DB774130744C09A2E55D1 /* b2Fixture.cpp */,
				3D46E789A152480AB03371E4 /* b2Island.cpp */,
				82E28D1A86D64DCBABB195CC /* b2World.cpp */,
				F4D5FD052F234A22A271D851 /* b2WorldCallbacks.cpp */,
				98FF549758214629A5ADFE8A /* b2Body.h */,
				C5093F2B86A441C4A0673173 /* b2ContactManager.h */,
				27EA54BFEA8D41CA8AE54F76 /* b2Fixture.h */,
				B2DD7F45EC1243069D9B29F7 /* b2Island.h */,
				5C3544AF61774B019EA899B6 /* b2TimeStep.h */,
				5DD484E38F2E4AAAAD648CAB /* b2World.h */,
				594F01CC2A574AE28082CB2A /* b2WorldCallbacks.h */,
				FE535E6FF34E48B190A747DD /* Contacts */,
				F8B1FF0F671741108BBE3A62 /* Joints */,
			);
			name = Dynamics;
			sourceTree = "<group>";
		};
		49970760083B490688B0630F /* OSC */ = {
			isa = PBXGroup;
			children = (
				F674A26837BC420AB1FEF18F /* src */,
			);
			name = OSC;
			sourceTree = "<group>";
		};
		52A9C9F30D3A43ECAA20BE17 /* include */ = {
			isa = PBXGroup;
			children = (
				DD694492963D47D898F3C995 /* CinderOpenCV.h */,
			);
			name = include;
			sourceTree = "<group>";
		};
		54953E3DE4AC49799716E779 /* src */ = {
			isa = PBXGroup;
			children = (
				180085BCF5494C3C91C2A756 /* SimpleGUI.cpp */,
			);
			name = src;
			sourceTree = "<group>";
		};
		5B6B9A40835F4A1896650CF5 /* Collision */ = {
			isa = PBXGroup;
			children = (
				138328FDDD5743CD881BC632 /* b2BroadPhase.cpp */,
				C433FFE3C48A484881FC0BDC /* b2CollideCircle.cpp */,
				6C9AE9AE96454914AA80625D /* b2CollideEdge.cpp */,
				CC07261CFB8B4888BF92ACD1 /* b2CollidePolygon.cpp */,
				10EECF75BD404ABA93ED8088 /* b2Collision.cpp */,
				B905F8C9CC5F4981B8EDBC40 /* b2Distance.cpp */,
				7EF1C7AE46D947D4802CF28B /* b2DynamicTree.cpp */,
				CCDDD327350145CEB351C13C /* b2TimeOfImpact.cpp */,
				422FD40A953B4054B8745CC0 /* b2BroadPhase.h */,
				1906B43F3BC64339846A8BF7 /* b2Collision.h */,
				A09AC5032FE748A69C989F1D /* b2Distance.h */,
				31638CFC5EE04D56BAA77BB1 /* b2DynamicTree.h */,
				9563C9989B884C1BA8C1253F /* b2TimeOfImpact.h */,
				6D1BEAC8A3384C77A67ADE3D /* Shapes */,
			);
			name = Collision;
			sourceTree = "<group>";
		};
		644F07D41C4149CF9E936B68 /* osc */ = {
			isa = PBXGroup;
			children = (
				02A80884441241A4B193576E /* OscOutboundPacketStream.cpp */,
				30625A5E332A4C1B85D7AE2C /* OscPrintReceivedElements.cpp */,
				239EEA5053C24BCF8ADB4D5B /* OscReceivedElements.cpp */,
				36E0B355457445D88E604DFF /* OscTypes.cpp */,
				D2F197CCAB07468BB4331A09 /* MessageMappingOscPacketListener.h */,
				A27C7C7CA3004A47AF04D4FD /* OscException.h */,
				A37AAD6CE4D74F449AF5A257 /* OscHostEndianness.h */,
				EB62B22FF4F6444E8CBDBC2C /* OscOutboundPacketStream.h */,
				EE22ACB68D364B018FFC03BC /* OscPacketListener.h */,
				19473C662FB34D8FAD5347F9 /* OscPrintReceivedElements.h */,
				D3A737C2927E4CF9AC9ED016 /* OscReceivedElements.h */,
				6C1C3BDFDFD647D291E9A8B3 /* OscTypes.h */,
			);
			name = osc;
			sourceTree = "<group>";
		};
		696918FC37AD4D87932A4146 /* src */ = {
			isa = PBXGroup;
			children = (
				D2C723E5DB1F4095BA106C8D /* Box2D */,
			);
			name = src;
			sourceTree = "<group>";
		};
		6C1CB63D79FD4ED0A053462E /* Syphon */ = {
			isa = PBXGroup;
			children = (
				48B17D5D3AF84A10B8253F1A /* src */,
				049758406DFB41999C2AC7F3 /* lib */,
			);
			name = Syphon;
			sourceTree = "<group>";
		};
		6D1BEAC8A3384C77A67ADE3D /* Shapes */ = {
			isa = PBXGroup;
			children = (
				5BB343B6E2354B5BA76E0A90 /* b2ChainShape.cpp */,
				A58F575AEF15420B8715DBF2 /* b2CircleShape.cpp */,
				8B083E5AAFAD461F895E7982 /* b2EdgeShape.cpp */,
				3C44431EFE6E4023AAC78284 /* b2PolygonShape.cpp */,
				92E456FB040F4AA79400D078 /* b2ChainShape.h */,
				C59F171AD5EA431CB500B815 /* b2CircleShape.h */,
				DBE3A4C8A81346C8BE3ADAC3 /* b2EdgeShape.h */,
				A40E13A12CC040608D8F4333 /* b2PolygonShape.h */,
				ECC50F6635914B5D9FB713B5 /* b2Shape.h */,
			);
			name = Shapes;
			sourceTree = "<group>";
		};
		7ABB21F972D84A128DB279A6 /* Common */ = {
			isa = PBXGroup;
			children = (
				65A72D6E94B64B21B52C950C /* b2BlockAllocator.cpp */,
				62230BD5462C49999382D72A /* b2Draw.cpp */,
				E4EC5AAAFA4246658AB46FAC /* b2Math.cpp */,
				C22B5ECE6BE748449691E116 /* b2Settings.cpp */,
				C77FDFF39863440DBA8575D0 /* b2StackAllocator.cpp */,
				3B8267D7013C4B64B636A1E4 /* b2Timer.cpp */,
				AEE8663D9E50419EAC22B1DB /* b2BlockAllocator.h */,
				78B58F83FE7242A7A9A5C4D8 /* b2Draw.h */,
				AB2FE382004D4DF3AAD790B8 /* b2GrowableStack.h */,
				B99DEC5280974DF08D94BCE8 /* b2Math.h */,
				08B63398D7C6486C8AEA11C3 /* b2Settings.h */,
				0513B6C51F944F4B934B3BD3 /* b2StackAllocator.h */,
				6EAC02BF9AF3405EB3ACC381 /* b2Timer.h */,
			);
			name = Common;
			sourceTree = "<group>";
		};
		8160553F019A4683B79317F3 /* src */ = {
			isa = PBXGroup;
			children = (
				5903B1965D8A4BFCAF42DF20 /* Warp.cpp */,
				01E6268833214A4DABB588C0 /* WarpBilinear.cpp */,
				7643453BF1D24656A7A06BF4 /* WarpPerspective.cpp */,
				26088AB85DCD46F9A1BCF8D5 /* WarpPerspectiveBilinear.cpp */,
			);
			name = src;
			sourceTree = "<group>";
		};
		8C9A434042964F33B2C56E0C /* ip */ = {
			isa = PBXGroup;
			children = (
				C5AE67A7B8E04D419426517D /* IpEndpointName.cpp */,
				073605424FAA4A8FBD34C53D /* IpEndpointName.h */,
				4A5E8A128F9148E1BB220130 /* NetworkingUtils.h */,
				3701705EF3A4495A86C82506 /* PacketListener.h */,
				5D09E2F3D6004FCE85FE2190 /* TimerListener.h */,
				D9B5B760C85346958ABBB790 /* UdpSocket.h */,
				47F2B59FED254C4EB5DD42CD /* posix */,
			);
			name = ip;
			sourceTree = "<group>";
		};
		935B53F2450848F38300BE82 /* OpenCV */ = {
			isa = PBXGroup;
			children = (
				52A9C9F30D3A43ECAA20BE17 /* include */,
			);
			name = OpenCV;
			sourceTree = "<group>";
		};
		C51205E88BCE45F7BB2F2B5E /* include */ = {
			isa = PBXGroup;
			children = (
				1391F66D2901489AA18456B5 /* Warp.h */,
				1FAFFD435D88476B90D04509 /* WarpBilinear.h */,
				102A1FB0C2E843F093371523 /* WarpPerspective.h */,
				54F6B242D442445A9237DBBF /* WarpPerspectiveBilinear.h */,
			);
			name = include;
			sourceTree = "<group>";
		};
		D2C723E5DB1F4095BA106C8D /* Box2D */ = {
			isa = PBXGroup;
			children = (
				5B6B9A40835F4A1896650CF5 /* Collision */,
				7ABB21F972D84A128DB279A6 /* Common */,
				49892FB243BD4118AD9B4A73 /* Dynamics */,
				FE96D7E7A97F479B9A769730 /* Rope */,
				408911C9B1C74B4BA9EEDA14 /* Box2d.h */,
			);
			name = Box2D;
			sourceTree = "<group>";
		};
		F674A26837BC420AB1FEF18F /* src */ = {
			isa = PBXGroup;
			children = (
				8019402D1E6C45C19745468A /* OscBundle.cpp */,
				8630332A1F9A4C68BBAAB725 /* OscListener.cpp */,
				FD6AAA9EFB134787B95943BE /* OscMessage.cpp */,
				E24B24CFAC9949EB8C690F93 /* OscSender.cpp */,
				8C9A434042964F33B2C56E0C /* ip */,
				644F07D41C4149CF9E936B68 /* osc */,
				16B3D91145124921AD249FA1 /* OscArg.h */,
				E3E180DE1CA842829481CB9A /* OscBundle.h */,
				B21D1A85EF314C33ADBC7A73 /* OscListener.h */,
				CA3AB523F8314E33858A7E6D /* OscMessage.h */,
				ADA0FA25CFCC47798002FBC2 /* OscSender.h */,
			);
			name = src;
			sourceTree = "<group>";
		};
		F8B1FF0F671741108BBE3A62 /* Joints */ = {
			isa = PBXGroup;
			children = (
				BC628BB1A95049448DCC67C9 /* b2DistanceJoint.cpp */,
				552B0464C0BF4139AA5C403B /* b2FrictionJoint.cpp */,
				782C358104B049758AB97150 /* b2GearJoint.cpp */,
				18F45DBCC8A54980B862EC5A /* b2Joint.cpp */,
				31BD7615E10B4B2190DA3FF5 /* b2MouseJoint.cpp */,
				4F6A98CAFFC54DAF84BBDED6 /* b2PrismaticJoint.cpp */,
				89125978D0E848FBBC28107C /* b2PulleyJoint.cpp */,
				38FCDE8B1DA54AED849A0DA1 /* b2RevoluteJoint.cpp */,
				C6C15F2E4B8D4895B85A9EE2 /* b2RopeJoint.cpp */,
				0343FD3A199549B996BB931D /* b2WeldJoint.cpp */,
				29F4E4E6C0244D3382681233 /* b2WheelJoint.cpp */,
				90780623F51948EB8CEFB980 /* b2DistanceJoint.h */,
				C2D97922D6CC49EEB90ABDEA /* b2FrictionJoint.h */,
				8908E41B3F92427E80B8409B /* b2GearJoint.h */,
				5F1FBF72C2B14A058E288A26 /* b2Joint.h */,
				FFE57229B1144950A7F5672D /* b2MouseJoint.h */,
				D9886083AD8840C6A2731F77 /* b2PrismaticJoint.h */,
				B44DDEBAC2E749468D5474F8 /* b2PulleyJoint.h */,
				F91DCFC736034FB29283BB8C /* b2RevoluteJoint.h */,
				5D1D5DF7A4534E79A95CC6F3 /* b2RopeJoint.h */,
				4EF970AB24724AF3AC3B86A5 /* b2WeldJoint.h */,
				3C93732EAFAB4F14B6E8D89C /* b2WheelJoint.h */,
			);
			name = Joints;
			sourceTree = "<group>";
		};
		FE535E6FF34E48B190A747DD /* Contacts */ = {
			isa = PBXGroup;
			children = (
				F0AB1AEA2D784953825D9807 /* b2ChainAndCircleContact.cpp */,
				5C12619DF8DA4A4BA374FEE0 /* b2ChainAndPolygonContact.cpp */,
				38729AB2C55840BA82C6B791 /* b2CircleContact.cpp */,
				C6A460B857F94F5BB93FD438 /* b2Contact.cpp */,
				561F777B46B946C691E3D670 /* b2ContactSolver.cpp */,
				065FF81C00744FA8B8B22C8F /* b2EdgeAndCircleContact.cpp */,
				3E5644655DED440ABE7330D3 /* b2EdgeAndPolygonContact.cpp */,
				E99DAF37D689426D943E56BA /* b2PolygonAndCircleContact.cpp */,
				2A6763CFF2C04730B87749B9 /* b2PolygonContact.cpp */,
				08BABC4713A54BB19525768E /* b2ChainAndCircleContact.h */,
				06E1E30D00A94587BB1E217C /* b2ChainAndPolygonContact.h */,
				DC220FD788BB44FEA8B8965C /* b2CircleContact.h */,
				5A0D087626E44217A38CF259 /* b2Contact.h */,
				7824B62FE3E64C22A927C068 /* b2ContactSolver.h */,
				D2555797771041D998DA7CA1 /* b2EdgeAndCircleContact.h */,
				9876547E304B4CCCA5B32565 /* b2EdgeAndPolygonContact.h */,
				25775C0721564FACA4322460 /* b2PolygonAndCircleContact.h */,
				CD10C8B69D034B5FAAC5ACC6 /* b2PolygonContact.h */,
			);
			name = Contacts;
			sourceTree = "<group>";
		};
		FE96D7E7A97F479B9A769730 /* Rope */ = {
			isa = PBXGroup;
			children = (
				FCF05B8812E04B14BA62B44B /* b2Rope.cpp */,
				E8C73C169B074BA48C1F859C /* b2Rope.h */,
			);
			name = Rope;
			sourceTree = "<group>";
		};
		FEB668F9194EFA13009C1241 /* Cinder-Asio */ = {
			isa = PBXGroup;
			children = (
				FEB668FB194EFA13009C1241 /* README */,
				FEB66949194EFA13009C1241 /* src */,
			);
			name = "Cinder-Asio";
			path = "../../../cinder_0.8.5_mac/blocks/Cinder-Asio";
			sourceTree = "<group>";
		};
		FEB66949194EFA13009C1241 /* src */ = {
			isa = PBXGroup;
			children = (
				FEB6694A194EFA13009C1241 /* ClientInterface.cpp */,
				FEB6694B194EFA13009C1241 /* ClientInterface.h */,
				FEB6694C194EFA13009C1241 /* DispatcherInterface.cpp */,
				FEB6694D194EFA13009C1241 /* DispatcherInterface.h */,
				FEB6694E194EFA13009C1241 /* ServerInterface.cpp */,
				FEB6694F194EFA13009C1241 /* ServerInterface.h */,
				FEB66950194EFA13009C1241 /* SessionInterface.cpp */,
				FEB66951194EFA13009C1241 /* SessionInterface.h */,
				FEB66952194EFA13009C1241 /* TcpClient.cpp */,
				FEB66953194EFA13009C1241 /* TcpClient.h */,
				FEB66954194EFA13009C1241 /* TcpServer.cpp */,
				FEB66955194EFA13009C1241 /* TcpServer.h */,
				FEB66956194EFA13009C1241 /* TcpSession.cpp */,
				FEB66957194EFA13009C1241 /* TcpSession.h */,
				FEB66958194EFA13009C1241 /* UdpClient.cpp */,
				FEB66959194EFA13009C1241 /* UdpClient.h */,
				FEB6695A194EFA13009C1241 /* UdpServer.cpp */,
				FEB6695B194EFA13009C1241 /* UdpServer.h */,
				FEB6695C194EFA13009C1241 /* UdpSession.cpp */,
				FEB6695D194EFA13009C1241 /* UdpSession.h */,
				FEB6695E194EFA13009C1241 /* WaitTimer.cpp */,
				FEB6695F194EFA13009C1241 /* WaitTimer.h */,
			);
			path = src;
			sourceTree = "<group>";
		};
		FEC9ED911BC95FDD007D1905 /* Cinder-Osc */ = {
			isa = PBXGroup;
			children = (
				FEC9ED921BC95FDD007D1905 /* .gitignore */,
				FEC9ED931BC95FDD007D1905 /* include */,
				FEC9EDAC1BC95FDD007D1905 /* lib */,
				FEC9EDB51BC95FDD007D1905 /* README.md */,
				FEC9EDC71BC95FDD007D1905 /* src */,
			);
			name = "Cinder-Osc";
			path = "../../../cinder_0.8.5_mac/blocks/Cinder-Osc";
			sourceTree = "<group>";
		};
		FEC9ED931BC95FDD007D1905 /* include */ = {
			isa = PBXGroup;
			children = (
				FEC9ED941BC95FDD007D1905 /* macosx */,
			);
			path = include;
			sourceTree = "<group>";
		};
		FEC9ED941BC95FDD007D1905 /* macosx */ = {
			isa = PBXGroup;
			children = (
				FEC9ED951BC95FDD007D1905 /* lo */,
			);
			path = macosx;
			sourceTree = "<group>";
		};
		FEC9ED951BC95FDD007D1905 /* lo */ = {
			isa = PBXGroup;
			children = (
				FEC9ED961BC95FDD007D1905 /* lo.h */,
				FEC9ED971BC95FDD007D1905 /* lo_endian.h */,
				FEC9ED981BC95FDD007D1905 /* lo_errors.h */,
				FEC9ED991BC95FDD007D1905 /* lo_lowlevel.h */,
				FEC9ED9A1BC95FDD007D1905 /* lo_macros.h */,
				FEC9ED9B1BC95FDD007D1905 /* lo_osc_types.h */,
				FEC9ED9C1BC95FDD007D1905 /* lo_throw.h */,
				FEC9ED9D1BC95FDD007D1905 /* lo_types.h */,
			);
			path = lo;
			sourceTree = "<group>";
		};
		FEC9EDAC1BC95FDD007D1905 /* lib */ = {
			isa = PBXGroup;
			children = (
				FEC9EDAD1BC95FDD007D1905 /* macosx */,
				FEC9EDAF1BC95FDD007D1905 /* vc10 */,
			);
			path = lib;
			sourceTree = "<group>";
		};
		FEC9EDAD1BC95FDD007D1905 /* macosx */ = {
			isa = PBXGroup;
			children = (
				FEC9EDAE1BC95FDD007D1905 /* liblo.a */,
			);
			path = macosx;
			sourceTree = "<group>";
		};
		FEC9EDAF1BC95FDD007D1905 /* vc10 */ = {
			isa = PBXGroup;
			children = (
				FEC9EDB01BC95FDD007D1905 /* liblo.dll */,
				FEC9EDB11BC95FDD007D1905 /* liblo.lib */,
				FEC9EDB21BC95FDD007D1905 /* liblo_d.dll */,
				FEC9EDB31BC95FDD007D1905 /* liblo_d.lib */,
				FEC9EDB41BC95FDD007D1905 /* pthreadVC2.dll */,
			);
			path = vc10;
			sourceTree = "<group>";
		};
		FEC9EDC71BC95FDD007D1905 /* src */ = {
			isa = PBXGroup;
			children = (
				FEC9EDC81BC95FDD007D1905 /* OscClient.cpp */,
				FEC9EDC91BC95FDD007D1905 /* OscClient.h */,
				FEC9EDCA1BC95FDD007D1905 /* OscCore.h */,
				FEC9EDCB1BC95FDD007D1905 /* OscServer.cpp */,
				FEC9EDCC1BC95FDD007D1905 /* OscServer.h */,
			);
			path = src;
			sourceTree = "<group>";
		};
/* End PBXGroup section */

/* Begin PBXNativeTarget section */
		8D1107260486CEB800E47090 /* checker4 */ = {
			isa = PBXNativeTarget;
			buildConfigurationList = C01FCF4A08A954540054247B /* Build configuration list for PBXNativeTarget "checker4" */;
			buildPhases = (
				8D1107290486CEB800E47090 /* Resources */,
				8D11072C0486CEB800E47090 /* Sources */,
				8D11072E0486CEB800E47090 /* Frameworks */,
				1D9D16096FCE4178A1CF3B8E /* Copy Files */,
			);
			buildRules = (
			);
			dependencies = (
			);
			name = checker4;
			productInstallPath = "$(HOME)/Applications";
			productName = checker3;
			productReference = 8D1107320486CEB800E47090 /* checker4.app */;
			productType = "com.apple.product-type.application";
		};
/* End PBXNativeTarget section */

/* Begin PBXProject section */
		29B97313FDCFA39411CA2CEA /* Project object */ = {
			isa = PBXProject;
			attributes = {
			};
			buildConfigurationList = C01FCF4E08A954540054247B /* Build configuration list for PBXProject "checker4" */;
			compatibilityVersion = "Xcode 3.2";
			developmentRegion = English;
			hasScannedForEncodings = 1;
			knownRegions = (
				English,
				Japanese,
				French,
				German,
			);
			mainGroup = 29B97314FDCFA39411CA2CEA /* checker3 */;
			projectDirPath = "";
			projectRoot = "";
			targets = (
				8D1107260486CEB800E47090 /* checker4 */,
			);
		};
/* End PBXProject section */

/* Begin PBXResourcesBuildPhase section */
		8D1107290486CEB800E47090 /* Resources */ = {
			isa = PBXResourcesBuildPhase;
			buildActionMask = 2147483647;
			files = (
				FEC9EDCD1BC95FDD007D1905 /* .gitignore in Resources */,
				FEB66961194EFA13009C1241 /* README in Resources */,
				FEC9EDD31BC95FDD007D1905 /* pthreadVC2.dll in Resources */,
				D0791E3234894AB798F42478 /* CinderApp.icns in Resources */,
				FE607F84194CA5910076EE24 /* pf_tempesta_seven.ttf in Resources */,
				FEC9EDD11BC95FDD007D1905 /* liblo_d.dll in Resources */,
				FEC9EDCF1BC95FDD007D1905 /* liblo.dll in Resources */,
			);
			runOnlyForDeploymentPostprocessing = 0;
		};
/* End PBXResourcesBuildPhase section */

/* Begin PBXSourcesBuildPhase section */
		8D11072C0486CEB800E47090 /* Sources */ = {
			isa = PBXSourcesBuildPhase;
			buildActionMask = 2147483647;
			files = (
				618113594B154363A9ABEA03 /* checker4App.cpp in Sources */,
				3C07351A2FD5488F8E4D9D51 /* b2BroadPhase.cpp in Sources */,
				44444D4380C740A18E9B7729 /* b2CollideCircle.cpp in Sources */,
				FEB66984194EFA13009C1241 /* ServerInterface.cpp in Sources */,
				43C80AD56CE44DE1A21480F8 /* b2CollideEdge.cpp in Sources */,
				6A307F964BDD4B1A80DDEF62 /* b2CollidePolygon.cpp in Sources */,
				56CC87ED957543D0B4BCA7C4 /* b2Collision.cpp in Sources */,
				42AED55EE74143D49B357BE1 /* b2Distance.cpp in Sources */,
				FEC9EDDC1BC95FDD007D1905 /* OscClient.cpp in Sources */,
				B3ADFF8AE0294093B9444031 /* b2DynamicTree.cpp in Sources */,
				8597D4488EE74FFEA4F3F4C1 /* b2TimeOfImpact.cpp in Sources */,
				FEB66986194EFA13009C1241 /* TcpClient.cpp in Sources */,
				B52F5647A34C449EAC270533 /* b2ChainShape.cpp in Sources */,
				55C3BF7E7D2E40988E4F01EE /* b2CircleShape.cpp in Sources */,
				44A9A2CD87F243C9B2440C63 /* b2EdgeShape.cpp in Sources */,
				53A690657550414A921968A8 /* b2PolygonShape.cpp in Sources */,
				FEB66983194EFA13009C1241 /* DispatcherInterface.cpp in Sources */,
				56A45D30026A44B98E89F981 /* b2BlockAllocator.cpp in Sources */,
				26C81B38D1434C958F08D92C /* b2Draw.cpp in Sources */,
				E50F0B4FFD6B464F82CE00ED /* b2Math.cpp in Sources */,
				51A5286B8DAA4D3486775D00 /* b2Settings.cpp in Sources */,
				039B78203DB24C89B3ED8853 /* b2StackAllocator.cpp in Sources */,
				04CCB16311E7467DA842FBAF /* b2Timer.cpp in Sources */,
				FE607F82194CA4E50076EE24 /* SimpleGUI.cpp in Sources */,
				C7652548B0A24D12A72274C1 /* b2Body.cpp in Sources */,
				B7D82C377A6343C29FEF7F49 /* b2ContactManager.cpp in Sources */,
				42725A87ED93407D98AAA8AD /* b2Fixture.cpp in Sources */,
				2B948B23A80E474FA3E699CF /* b2Island.cpp in Sources */,
				01C3E1E3A2FB4D53ACF5484A /* b2World.cpp in Sources */,
				D2B78C33E98E43C9B43549DA /* b2WorldCallbacks.cpp in Sources */,
				FEC9EDD41BC95FDD007D1905 /* README.md in Sources */,
				FEB6698C194EFA13009C1241 /* WaitTimer.cpp in Sources */,
				3C3F90B263BC4C8DBE1AED7E /* b2ChainAndCircleContact.cpp in Sources */,
				73B0394056DD4188A15C36D4 /* b2ChainAndPolygonContact.cpp in Sources */,
				324A5987D3D6419C9C77D52E /* b2CircleContact.cpp in Sources */,
				FEB66985194EFA13009C1241 /* SessionInterface.cpp in Sources */,
				DDE152304BDD49F0802C4DB9 /* b2Contact.cpp in Sources */,
				B8FC69542DE14F269B1BDD52 /* b2ContactSolver.cpp in Sources */,
				2FF6611BC3074F8BB3DDCC04 /* b2EdgeAndCircleContact.cpp in Sources */,
				A1A52B4DF3A142A8A7251223 /* b2EdgeAndPolygonContact.cpp in Sources */,
				FEB66982194EFA13009C1241 /* ClientInterface.cpp in Sources */,
				7F2DC27A0CAE4676A6ADEF8C /* b2PolygonAndCircleContact.cpp in Sources */,
				9D2BF4803D6242B1BAFA03C3 /* b2PolygonContact.cpp in Sources */,
				FD87EEF1CF61471DB18DB29C /* b2DistanceJoint.cpp in Sources */,
				B29E4AAE05B843559D4C96EA /* b2FrictionJoint.cpp in Sources */,
				C0FFD9994584426DAE655F62 /* b2GearJoint.cpp in Sources */,
				5B8F8CCBD53C419CA2A187C0 /* b2Joint.cpp in Sources */,
				227FA1485703416F9E4D1E35 /* b2MouseJoint.cpp in Sources */,
				F8E29EB3AB25450A933FBC5A /* b2PrismaticJoint.cpp in Sources */,
				F6671CB0165F430DAD134663 /* b2PulleyJoint.cpp in Sources */,
				FE0F5D5C194BC69400C674FC /* grid.cpp in Sources */,
				4A7C82A3DBF947159C520B84 /* b2RevoluteJoint.cpp in Sources */,
				C976B9EF57004E628EC347C1 /* b2RopeJoint.cpp in Sources */,
				8690D1B4B235430E88D0D2FA /* b2WeldJoint.cpp in Sources */,
				C8A31E554DF04098BDBCF3D1 /* b2WheelJoint.cpp in Sources */,
				9224263056D643D59BE85A4B /* b2Rope.cpp in Sources */,
				F18E18DB1B444F228D450DD0 /* syphonClient.mm in Sources */,
				1F90C86D5E1D4109B795933F /* syphonServer.mm in Sources */,
				ACA407AD56FB47CCBC650507 /* syphonServerDirectory.mm in Sources */,
				BA67F2AC6BBC41289F165AEC /* SyphonNameboundClient.m in Sources */,
				5F449780D9334DEF889D0343 /* Warp.cpp in Sources */,
				12F557B227F742FBB191901E /* WarpBilinear.cpp in Sources */,
				FEB6698A194EFA13009C1241 /* UdpServer.cpp in Sources */,
				5B7384FEB80B4F1590A61F90 /* WarpPerspective.cpp in Sources */,
				2621A2ED9CDC47359907E4E9 /* WarpPerspectiveBilinear.cpp in Sources */,
				FEB6698B194EFA13009C1241 /* UdpSession.cpp in Sources */,
				FB5D7E5CADC94B05899911EF /* OscBundle.cpp in Sources */,
				CED96615B0C645799E507674 /* OscListener.cpp in Sources */,
				FEB66989194EFA13009C1241 /* UdpClient.cpp in Sources */,
				AA47F50950174C50864B95B3 /* OscMessage.cpp in Sources */,
				22F63B1AFE0D4FD5B77CE2A4 /* OscSender.cpp in Sources */,
				6B876BA8437347AE8040618D /* IpEndpointName.cpp in Sources */,
				5A9A8998D3A440119ADDE3FC /* OscOutboundPacketStream.cpp in Sources */,
				FEC9EDDD1BC95FDD007D1905 /* OscServer.cpp in Sources */,
				416D62B7142445A88A1B5C57 /* OscPrintReceivedElements.cpp in Sources */,
				ED482C2907164F1B9C2C77E1 /* OscReceivedElements.cpp in Sources */,
				EC78AD77EF9E4B15935FF065 /* OscTypes.cpp in Sources */,
				FEB66988194EFA13009C1241 /* TcpSession.cpp in Sources */,
				FEB66987194EFA13009C1241 /* TcpServer.cpp in Sources */,
				FBA21B6B284549DDB8A1DB27 /* NetworkingUtils.cpp in Sources */,
				3ECDF73C609F4EA285947C00 /* UdpSocket.cpp in Sources */,
			);
			runOnlyForDeploymentPostprocessing = 0;
		};
/* End PBXSourcesBuildPhase section */

/* Begin XCBuildConfiguration section */
		C01FCF4B08A954540054247B /* Debug */ = {
			isa = XCBuildConfiguration;
			buildSettings = {
				COMBINE_HIDPI_IMAGES = YES;
				COPY_PHASE_STRIP = NO;
				DEAD_CODE_STRIPPING = YES;
				FRAMEWORK_SEARCH_PATHS = "../../../cinder_0.8.5_mac/blocks/Cinder-Syphon/lib";
				GCC_DYNAMIC_NO_PIC = NO;
				GCC_INLINES_ARE_PRIVATE_EXTERN = YES;
				GCC_OPTIMIZATION_LEVEL = 0;
				GCC_PRECOMPILE_PREFIX_HEADER = YES;
				GCC_PREFIX_HEADER = checker4_Prefix.pch;
				GCC_PREPROCESSOR_DEFINITIONS = (
					"DEBUG=1",
					"$(inherited)",
				);
				GCC_SYMBOLS_PRIVATE_EXTERN = NO;
				HEADER_SEARCH_PATHS = (
					"\"$(CINDER_PATH)/boost\"",
					../../../cinder_0.8.5_mac/blocks/Box2D/src,
					"\"$(SRCROOT)/../../../cinder_0.8.5_mac/blocks/Cinder-Osc/include/macosx\"",
				);
				INFOPLIST_FILE = Info.plist;
				INSTALL_PATH = "$(HOME)/Applications";
				LIBRARY_SEARCH_PATHS = (
					"$(inherited)",
					"\"$(SRCROOT)/../../../cinder_0.8.5_mac/blocks/Cinder-Osc/lib/macosx\"",
				);
				MACOSX_DEPLOYMENT_TARGET = 10.7;
				OTHER_LDFLAGS = (
					"\"$(CINDER_PATH)/lib/libcinder_d.a\"",
					../../../cinder_0.8.5_mac/blocks/OpenCV/lib/macosx/libopencv_calib3d.a,
					../../../cinder_0.8.5_mac/blocks/OpenCV/lib/macosx/libopencv_contrib.a,
					../../../cinder_0.8.5_mac/blocks/OpenCV/lib/macosx/libopencv_core.a,
					../../../cinder_0.8.5_mac/blocks/OpenCV/lib/macosx/libopencv_features2d.a,
					../../../cinder_0.8.5_mac/blocks/OpenCV/lib/macosx/libopencv_flann.a,
					../../../cinder_0.8.5_mac/blocks/OpenCV/lib/macosx/libopencv_gpu.a,
					../../../cinder_0.8.5_mac/blocks/OpenCV/lib/macosx/libopencv_imgproc.a,
					../../../cinder_0.8.5_mac/blocks/OpenCV/lib/macosx/libopencv_legacy.a,
					../../../cinder_0.8.5_mac/blocks/OpenCV/lib/macosx/libopencv_ml.a,
					../../../cinder_0.8.5_mac/blocks/OpenCV/lib/macosx/libopencv_nonfree.a,
					../../../cinder_0.8.5_mac/blocks/OpenCV/lib/macosx/libopencv_objdetect.a,
					../../../cinder_0.8.5_mac/blocks/OpenCV/lib/macosx/libopencv_photo.a,
					../../../cinder_0.8.5_mac/blocks/OpenCV/lib/macosx/libopencv_stitching.a,
					../../../cinder_0.8.5_mac/blocks/OpenCV/lib/macosx/libopencv_ts.a,
					../../../cinder_0.8.5_mac/blocks/OpenCV/lib/macosx/libopencv_video.a,
					../../../cinder_0.8.5_mac/blocks/OpenCV/lib/macosx/libopencv_videostab.a,
				);
				PRODUCT_NAME = checker4;
				SYMROOT = ./build;
				WRAPPER_EXTENSION = app;
			};
			name = Debug;
		};
		C01FCF4C08A954540054247B /* Release */ = {
			isa = XCBuildConfiguration;
			buildSettings = {
				COMBINE_HIDPI_IMAGES = YES;
				DEAD_CODE_STRIPPING = YES;
				DEBUG_INFORMATION_FORMAT = "dwarf-with-dsym";
				FRAMEWORK_SEARCH_PATHS = "../../../cinder_0.8.5_mac/blocks/Cinder-Syphon/lib";
				GCC_FAST_MATH = YES;
				GCC_GENERATE_DEBUGGING_SYMBOLS = NO;
				GCC_INLINES_ARE_PRIVATE_EXTERN = YES;
				GCC_OPTIMIZATION_LEVEL = 3;
				GCC_PRECOMPILE_PREFIX_HEADER = YES;
				GCC_PREFIX_HEADER = checker4_Prefix.pch;
				GCC_SYMBOLS_PRIVATE_EXTERN = NO;
				HEADER_SEARCH_PATHS = (
					"\"$(CINDER_PATH)/boost\"",
					../../../cinder_0.8.5_mac/blocks/Box2D/src,
					"\"$(SRCROOT)/../../../cinder_0.8.5_mac/blocks/Cinder-Osc/include/macosx\"",
				);
				INFOPLIST_FILE = Info.plist;
				INSTALL_PATH = "$(HOME)/Applications";
				LIBRARY_SEARCH_PATHS = (
					"$(inherited)",
					"\"$(SRCROOT)/../../../cinder_0.8.5_mac/blocks/Cinder-Osc/lib/macosx\"",
				);
				MACOSX_DEPLOYMENT_TARGET = 10.7;
				OTHER_LDFLAGS = (
					"\"$(CINDER_PATH)/lib/libcinder.a\"",
					../../../cinder_0.8.5_mac/blocks/OpenCV/lib/macosx/libopencv_calib3d.a,
					../../../cinder_0.8.5_mac/blocks/OpenCV/lib/macosx/libopencv_contrib.a,
					../../../cinder_0.8.5_mac/blocks/OpenCV/lib/macosx/libopencv_core.a,
					../../../cinder_0.8.5_mac/blocks/OpenCV/lib/macosx/libopencv_features2d.a,
					../../../cinder_0.8.5_mac/blocks/OpenCV/lib/macosx/libopencv_flann.a,
					../../../cinder_0.8.5_mac/blocks/OpenCV/lib/macosx/libopencv_gpu.a,
					../../../cinder_0.8.5_mac/blocks/OpenCV/lib/macosx/libopencv_imgproc.a,
					../../../cinder_0.8.5_mac/blocks/OpenCV/lib/macosx/libopencv_legacy.a,
					../../../cinder_0.8.5_mac/blocks/OpenCV/lib/macosx/libopencv_ml.a,
					../../../cinder_0.8.5_mac/blocks/OpenCV/lib/macosx/libopencv_nonfree.a,
					../../../cinder_0.8.5_mac/blocks/OpenCV/lib/macosx/libopencv_objdetect.a,
					../../../cinder_0.8.5_mac/blocks/OpenCV/lib/macosx/libopencv_photo.a,
					../../../cinder_0.8.5_mac/blocks/OpenCV/lib/macosx/libopencv_stitching.a,
					../../../cinder_0.8.5_mac/blocks/OpenCV/lib/macosx/libopencv_ts.a,
					../../../cinder_0.8.5_mac/blocks/OpenCV/lib/macosx/libopencv_video.a,
					../../../cinder_0.8.5_mac/blocks/OpenCV/lib/macosx/libopencv_videostab.a,
				);
				PRODUCT_NAME = checker4;
				STRIP_INSTALLED_PRODUCT = YES;
				SYMROOT = ./build;
				WRAPPER_EXTENSION = app;
			};
			name = Release;
		};
		C01FCF4F08A954540054247B /* Debug */ = {
			isa = XCBuildConfiguration;
			buildSettings = {
				ALWAYS_SEARCH_USER_PATHS = NO;
				ARCHS = i386;
				CINDER_PATH = ../../../cinder_0.8.5_mac;
				CLANG_CXX_LANGUAGE_STANDARD = "c++0x";
				CLANG_CXX_LIBRARY = "libc++";
				GCC_WARN_ABOUT_RETURN_TYPE = YES;
				GCC_WARN_UNUSED_VARIABLE = YES;
				HEADER_SEARCH_PATHS = (
					"\"$(CINDER_PATH)/boost\"",
					../../../cinder_0.8.5_mac/blocks/Box2D/src,
				);
				MACOSX_DEPLOYMENT_TARGET = 10.7;
				SDKROOT = macosx;
				USER_HEADER_SEARCH_PATHS = "\"$(CINDER_PATH)/include\" ../include \"../../../cinder_0.8.5_mac/blocks/Cinder-SimpleGUI/include\" \"../../../cinder_0.8.5_mac/blocks/Cinder-Warping/include\" ../../../cinder_0.8.5_mac/blocks/OpenCV/include ../../../cinder_0.8.5_mac/blocks/OpenCV/include/opencv2 ../../../cinder_0.8.5_mac/blocks/OSC/src ../../../cinder_0.8.5_mac/blocks/QuickTime/include";
			};
			name = Debug;
		};
		C01FCF5008A954540054247B /* Release */ = {
			isa = XCBuildConfiguration;
			buildSettings = {
				ALWAYS_SEARCH_USER_PATHS = NO;
				ARCHS = i386;
				CINDER_PATH = ../../../cinder_0.8.5_mac;
				CLANG_CXX_LANGUAGE_STANDARD = "c++0x";
				CLANG_CXX_LIBRARY = "libc++";
				GCC_WARN_ABOUT_RETURN_TYPE = YES;
				GCC_WARN_UNUSED_VARIABLE = YES;
				HEADER_SEARCH_PATHS = (
					"\"$(CINDER_PATH)/boost\"",
					../../../cinder_0.8.5_mac/blocks/Box2D/src,
				);
				MACOSX_DEPLOYMENT_TARGET = 10.7;
				SDKROOT = macosx;
				USER_HEADER_SEARCH_PATHS = "\"$(CINDER_PATH)/include\" ../include \"../../../cinder_0.8.5_mac/blocks/Cinder-SimpleGUI/include\" \"../../../cinder_0.8.5_mac/blocks/Cinder-Warping/include\" ../../../cinder_0.8.5_mac/blocks/OpenCV/include ../../../cinder_0.8.5_mac/blocks/OpenCV/include/opencv2 ../../../cinder_0.8.5_mac/blocks/OSC/src ../../../cinder_0.8.5_mac/blocks/QuickTime/include";
			};
			name = Release;
		};
/* End XCBuildConfiguration section */

/* Begin XCConfigurationList section */
		C01FCF4A08A954540054247B /* Build configuration list for PBXNativeTarget "checker4" */ = {
			isa = XCConfigurationList;
			buildConfigurations = (
				C01FCF4B08A954540054247B /* Debug */,
				C01FCF4C08A954540054247B /* Release */,
			);
			defaultConfigurationIsVisible = 0;
			defaultConfigurationName = Release;
		};
		C01FCF4E08A954540054247B /* Build configuration list for PBXProject "checker4" */ = {
			isa = XCConfigurationList;
			buildConfigurations = (
				C01FCF4F08A954540054247B /* Debug */,
				C01FCF5008A954540054247B /* Release */,
			);
			defaultConfigurationIsVisible = 0;
			defaultConfigurationName = Release;
		};
/* End XCConfigurationList section */
	};
	rootObject = 29B97313FDCFA39411CA2CEA /* Project object */;
}
